PODS:
  - CocoaAsyncSocket (7.6.5)
  - CocoaLumberjack (3.8.5):
    - CocoaLumberjack/Core (= 3.8.5)
  - CocoaLumberjack/Core (3.8.5)
  - FBAEMKit (16.3.1):
    - FBSDKCoreKit_Basics (= 16.3.1)
  - FBSDKCoreKit (16.3.1):
    - FBAEMKit (= 16.3.1)
    - FBSDKCoreKit_Basics (= 16.3.1)
  - FBSDKCoreKit_Basics (16.3.1)
  - IQKeyboardManager (6.5.18)
  - PacketProcessor_iOS (0.0.1)
  - ReachabilitySwift (5.2.1)
  - ShadowSocks-libev-iOS (3.2.5):
    - ShadowSocks-libev-iOS/c-ares (= 3.2.5)
    - ShadowSocks-libev-iOS/libbloom (= 3.2.5)
    - ShadowSocks-libev-iOS/libcork (= 3.2.5)
    - ShadowSocks-libev-iOS/libev (= 3.2.5)
    - ShadowSocks-libev-iOS/libipset (= 3.2.5)
    - ShadowSocks-libev-iOS/mbedtls (= 3.2.5)
    - ShadowSocks-libev-iOS/pcre (= 3.2.5)
    - ShadowSocks-libev-iOS/sodium (= 3.2.5)
  - ShadowSocks-libev-iOS/c-ares (3.2.5)
  - ShadowSocks-libev-iOS/libbloom (3.2.5)
  - ShadowSocks-libev-iOS/libcork (3.2.5)
  - ShadowSocks-libev-iOS/libev (3.2.5)
  - ShadowSocks-libev-iOS/libipset (3.2.5):
    - ShadowSocks-libev-iOS/libcork
  - ShadowSocks-libev-iOS/mbedtls (3.2.5)
  - ShadowSocks-libev-iOS/pcre (3.2.5)
  - ShadowSocks-libev-iOS/sodium (3.2.5)

DEPENDENCIES:
  - CocoaAsyncSocket
  - CocoaLumberjack
  - FBSDKCoreKit
  - IQKeyboardManager
  - PacketProcessor_iOS
  - ReachabilitySwift
  - ShadowSocks-libev-iOS (from `https://github.com/juvham/ShadowSocks-libev-iOS.git`, tag `master`)

SPEC REPOS:
  trunk:
    - CocoaAsyncSocket
    - CocoaLumberjack
    - FBAEMKit
    - FBSDKCoreKit
    - FBSDKCoreKit_Basics
    - IQKeyboardManager
    - PacketProcessor_iOS
    - ReachabilitySwift

EXTERNAL SOURCES:
  ShadowSocks-libev-iOS:
    :git: https://github.com/juvham/ShadowSocks-libev-iOS.git
    :tag: master

CHECKOUT OPTIONS:
  ShadowSocks-libev-iOS:
    :git: https://github.com/juvham/ShadowSocks-libev-iOS.git
    :tag: master

SPEC CHECKSUMS:
  CocoaAsyncSocket: 065fd1e645c7abab64f7a6a2007a48038fdc6a99
  CocoaLumberjack: 6a459bc897d6d80bd1b8c78482ec7ad05dffc3f0
  FBAEMKit: 6c7b5eb77c96861bb59e040842c6e55bf39512ce
  FBSDKCoreKit: 5e4dd478947ab1bcc887e8cfadeae0727af1a942
  FBSDKCoreKit_Basics: cd7b5f5d1e8868c26706917919d058999ca672c3
  IQKeyboardManager: 67f92bb29b650c094c40bd11c0545b47bdd25c5b
  PacketProcessor_iOS: de7d72fe740674733f2fcf981efcb5a8bfaaa351
  ReachabilitySwift: 5ae15e16814b5f9ef568963fb2c87aeb49158c66
  ShadowSocks-libev-iOS: 14f635962b69527b58af96e139a6b4b63ec4bf25

PODFILE CHECKSUM: 629b7aa32602a9c43c0656d861814f59b823a92e

COCOAPODS: 1.15.2
