PODS:
  - CocoaAsyncSocket (7.6.5)
  - CocoaLumberjack (3.8.4):
    - CocoaLumberjack/Core (= 3.8.4)
  - CocoaLumberjack/Core (3.8.4)
  - IQKeyboardManager (6.5.17)
  - ReachabilitySwift (5.0.0)

DEPENDENCIES:
  - CocoaAsyncSocket
  - CocoaLumberjack
  - IQKeyboardManager
  - ReachabilitySwift

SPEC REPOS:
  trunk:
    - CocoaAsyncSocket
    - CocoaLumberjack
    - IQKeyboardManager
    - ReachabilitySwift

SPEC CHECKSUMS:
  CocoaAsyncSocket: 065fd1e645c7abab64f7a6a2007a48038fdc6a99
  CocoaLumberjack: df59726690390bb8aaaa585938564ba1c8dbbb44
  IQKeyboardManager: 904d013844bbae0abe073f015487bfebe5476335
  ReachabilitySwift: 985039c6f7b23a1da463388634119492ff86c825

PODFILE CHECKSUM: d4797e0d17c5d0c23195bc3e8b2aadcf59f96487

COCOAPODS: 1.15.0
