// !$*UTF8*$!
{
	archiveVersion = 1;
	classes = {
	};
	objectVersion = 55;
	objects = {

/* Begin PBXBuildFile section */
		1EA1186D87D75469BC471D9A /* Pods_Proxy.framework in Frameworks */ = {isa = PBXBuildFile; fileRef = AD5E8E5D9F709F2EA63569A3 /* Pods_Proxy.framework */; };
		3608C3882B9ED6B500A9600C /* BaseRequest.swift in Sources */ = {isa = PBXBuildFile; fileRef = 3608C3862B9ED6B500A9600C /* BaseRequest.swift */; };
		3608C3892B9ED6B500A9600C /* EventRequest.swift in Sources */ = {isa = PBXBuildFile; fileRef = 3608C3872B9ED6B500A9600C /* EventRequest.swift */; };
		3608C38E2B9EDA3500A9600C /* Alamofire in Frameworks */ = {isa = PBXBuildFile; productRef = 3608C38D2B9EDA3500A9600C /* Alamofire */; };
		3608C3902B9EDE2800A9600C /* NetworkUtil.swift in Sources */ = {isa = PBXBuildFile; fileRef = 3608C38F2B9EDE2800A9600C /* NetworkUtil.swift */; };
		3608C3922B9F3C1300A9600C /* ServerListView.swift in Sources */ = {isa = PBXBuildFile; fileRef = 3608C3912B9F3C1300A9600C /* ServerListView.swift */; };
		368EF7AE2B91A04200E48E63 /* RequestCommand.swift in Sources */ = {isa = PBXBuildFile; fileRef = 368EF7AD2B91A04200E48E63 /* RequestCommand.swift */; };
		368EF7B02B91AF0800E48E63 /* GuideView.swift in Sources */ = {isa = PBXBuildFile; fileRef = 368EF7AF2B91AF0800E48E63 /* GuideView.swift */; };
		368EF7B22B91B75F00E48E63 /* VPNCommand.swift in Sources */ = {isa = PBXBuildFile; fileRef = 368EF7B12B91B75F00E48E63 /* VPNCommand.swift */; };
		368EF7B52B91D3C800E48E63 /* Reachability in Frameworks */ = {isa = PBXBuildFile; productRef = 368EF7B42B91D3C800E48E63 /* Reachability */; };
		368EF7B92B91E18D00E48E63 /* SimplePing.m in Sources */ = {isa = PBXBuildFile; fileRef = 368EF7B82B91E18D00E48E63 /* SimplePing.m */; };
		368EF7BB2B91E1BC00E48E63 /* VPNPingUtil.swift in Sources */ = {isa = PBXBuildFile; fileRef = 368EF7BA2B91E1BC00E48E63 /* VPNPingUtil.swift */; };
		368EF7C12B91F12D00E48E63 /* VPNConnectResultView.swift in Sources */ = {isa = PBXBuildFile; fileRef = 368EF7C02B91F12D00E48E63 /* VPNConnectResultView.swift */; };
		369314F12B99C6E2006FD99D /* EventCommand.swift in Sources */ = {isa = PBXBuildFile; fileRef = 369314F02B99C6E2006FD99D /* EventCommand.swift */; };
		36A08B922B985EFF00F394F4 /* AdSupport.framework in Frameworks */ = {isa = PBXBuildFile; fileRef = 36A08B912B985EFF00F394F4 /* AdSupport.framework */; };
		36A08B942B985F1500F394F4 /* AdServices.framework in Frameworks */ = {isa = PBXBuildFile; fileRef = 36A08B932B985F1500F394F4 /* AdServices.framework */; };
		36A08B962B985F2400F394F4 /* StoreKit.framework in Frameworks */ = {isa = PBXBuildFile; fileRef = 36A08B952B985F2300F394F4 /* StoreKit.framework */; };
		36A08B982B985F4100F394F4 /* AppTrackingTransparency.framework in Frameworks */ = {isa = PBXBuildFile; fileRef = 36A08B972B985F4100F394F4 /* AppTrackingTransparency.framework */; };
		36A08B9B2B98635A00F394F4 /* Adjust in Frameworks */ = {isa = PBXBuildFile; productRef = 36A08B9A2B98635A00F394F4 /* Adjust */; };
		36A08B9D2B98635A00F394F4 /* Criteo in Frameworks */ = {isa = PBXBuildFile; productRef = 36A08B9C2B98635A00F394F4 /* Criteo */; };
		36A08B9F2B98635A00F394F4 /* Sociomantic in Frameworks */ = {isa = PBXBuildFile; productRef = 36A08B9E2B98635A00F394F4 /* Sociomantic */; };
		36A08BA12B98635A00F394F4 /* Trademob in Frameworks */ = {isa = PBXBuildFile; productRef = 36A08BA02B98635A00F394F4 /* Trademob */; };
		36A08BA32B98635B00F394F4 /* WebBridge in Frameworks */ = {isa = PBXBuildFile; productRef = 36A08BA22B98635B00F394F4 /* WebBridge */; };
		36A08BA62B986A0700F394F4 /* SnapKit in Frameworks */ = {isa = PBXBuildFile; productRef = 36A08BA52B986A0700F394F4 /* SnapKit */; };
		6801C22895D6189ACE7A92FD /* Pods_PopularBrowser.framework in Frameworks */ = {isa = PBXBuildFile; fileRef = 40A09DA978A305F5829542F6 /* Pods_PopularBrowser.framework */; };
		BFAB7B522B9023BA00BC9609 /* admob_release.json in Resources */ = {isa = PBXBuildFile; fileRef = BFAB7B512B9023BA00BC9609 /* admob_release.json */; };
		BFAB7B542B90503800BC9609 /* AppUtil.swift in Sources */ = {isa = PBXBuildFile; fileRef = BFAB7B532B90503800BC9609 /* AppUtil.swift */; };
		BFAB7B5B2B9063D600BC9609 /* NetworkExtension.framework in Frameworks */ = {isa = PBXBuildFile; fileRef = BFAB7B5A2B9063D500BC9609 /* NetworkExtension.framework */; };
		BFAB7B5E2B9063D600BC9609 /* PacketTunnelProvider.swift in Sources */ = {isa = PBXBuildFile; fileRef = BFAB7B5D2B9063D600BC9609 /* PacketTunnelProvider.swift */; };
		BFAB7B632B9063D600BC9609 /* Proxy.appex in Embed Foundation Extensions */ = {isa = PBXBuildFile; fileRef = BFAB7B592B9063D500BC9609 /* Proxy.appex */; settings = {ATTRIBUTES = (RemoveHeadersOnCopy, ); }; };
		BFAB7B742B90664D00BC9609 /* ShadowsocksConnectivity.m in Sources */ = {isa = PBXBuildFile; fileRef = BFAB7B702B90664D00BC9609 /* ShadowsocksConnectivity.m */; };
		BFAB7B752B90664D00BC9609 /* Shadowsocks.m in Sources */ = {isa = PBXBuildFile; fileRef = BFAB7B712B90664D00BC9609 /* Shadowsocks.m */; };
		BFAB7B882B906A7D00BC9609 /* VPNUtil.swift in Sources */ = {isa = PBXBuildFile; fileRef = BFAB7B872B906A7D00BC9609 /* VPNUtil.swift */; };
		BFAB7B8B2B90730A00BC9609 /* VPNModel.swift in Sources */ = {isa = PBXBuildFile; fileRef = BFAB7B8A2B90730A00BC9609 /* VPNModel.swift */; };
		BFAB7B8C2B90730A00BC9609 /* VPNModel.swift in Sources */ = {isa = PBXBuildFile; fileRef = BFAB7B8A2B90730A00BC9609 /* VPNModel.swift */; };
		BFAB7B8E2B9074FB00BC9609 /* CacheUtil.swift in Sources */ = {isa = PBXBuildFile; fileRef = BFAB7B8D2B9074FB00BC9609 /* CacheUtil.swift */; };
		BFAB7B912B90783400BC9609 /* server.json in Resources */ = {isa = PBXBuildFile; fileRef = BFAB7B902B90783300BC9609 /* server.json */; };
		BFAB7B982B908CA300BC9609 /* VPNView.swift in Sources */ = {isa = PBXBuildFile; fileRef = BFAB7B972B908CA300BC9609 /* VPNView.swift */; };
		C703CA532A398E1500D95613 /* GoogleMobileAds in Frameworks */ = {isa = PBXBuildFile; productRef = C703CA522A398E1500D95613 /* GoogleMobileAds */; };
		C703CA552A398E6100D95613 /* GADUtil.swift in Sources */ = {isa = PBXBuildFile; fileRef = C703CA542A398E6100D95613 /* GADUtil.swift */; };
		C703CA572A39912700D95613 /* GADCommand.swift in Sources */ = {isa = PBXBuildFile; fileRef = C703CA562A39912700D95613 /* GADCommand.swift */; };
		C703CA592A39922B00D95613 /* NativeADView.swift in Sources */ = {isa = PBXBuildFile; fileRef = C703CA582A39922B00D95613 /* NativeADView.swift */; };
		C703CA5B2A3996F600D95613 /* admob.json in Resources */ = {isa = PBXBuildFile; fileRef = C703CA5A2A3996F500D95613 /* admob.json */; };
		C70E8ED42A331A3F0029C91C /* ShareView.swift in Sources */ = {isa = PBXBuildFile; fileRef = C70E8ED32A331A3F0029C91C /* ShareView.swift */; };
		C70E8ED62A3323E60029C91C /* CleanPopView.swift in Sources */ = {isa = PBXBuildFile; fileRef = C70E8ED52A3323E60029C91C /* CleanPopView.swift */; };
		C70E8ED82A3323EC0029C91C /* CleanView.swift in Sources */ = {isa = PBXBuildFile; fileRef = C70E8ED72A3323EC0029C91C /* CleanView.swift */; };
		C70E8EDA2A332E3C0029C91C /* FirebaseUtil.swift in Sources */ = {isa = PBXBuildFile; fileRef = C70E8ED92A332E3C0029C91C /* FirebaseUtil.swift */; };
		C70E8EE02A3332970029C91C /* FirebaseAnalytics in Frameworks */ = {isa = PBXBuildFile; productRef = C70E8EDF2A3332970029C91C /* FirebaseAnalytics */; };
		C70E8EE22A3332970029C91C /* FirebaseCrashlytics in Frameworks */ = {isa = PBXBuildFile; productRef = C70E8EE12A3332970029C91C /* FirebaseCrashlytics */; };
		C70E8EE42A3332970029C91C /* FirebaseRemoteConfig in Frameworks */ = {isa = PBXBuildFile; productRef = C70E8EE32A3332970029C91C /* FirebaseRemoteConfig */; };
		C77684E52A31EFE7004554E1 /* BrowserUtil.swift in Sources */ = {isa = PBXBuildFile; fileRef = C77684E42A31EFE7004554E1 /* BrowserUtil.swift */; };
		C77684E72A31F2CB004554E1 /* WebView.swift in Sources */ = {isa = PBXBuildFile; fileRef = C77684E62A31F2CB004554E1 /* WebView.swift */; };
		C77684EA2A31F563004554E1 /* SheetKit in Frameworks */ = {isa = PBXBuildFile; productRef = C77684E92A31F563004554E1 /* SheetKit */; };
		C77684EC2A32F616004554E1 /* TableView.swift in Sources */ = {isa = PBXBuildFile; fileRef = C77684EB2A32F616004554E1 /* TableView.swift */; };
		C77684EE2A33077B004554E1 /* SettingView.swift in Sources */ = {isa = PBXBuildFile; fileRef = C77684ED2A33077B004554E1 /* SettingView.swift */; };
		C77684F02A3312E5004554E1 /* PrivacyView.swift in Sources */ = {isa = PBXBuildFile; fileRef = C77684EF2A3312E5004554E1 /* PrivacyView.swift */; };
		C77684F22A3312EB004554E1 /* TermsView.swift in Sources */ = {isa = PBXBuildFile; fileRef = C77684F12A3312EB004554E1 /* TermsView.swift */; };
		C7AA9BDC2A56F50700EB3CF8 /* GoogleService-Info.plist in Resources */ = {isa = PBXBuildFile; fileRef = C7AA9BDB2A56F50700EB3CF8 /* GoogleService-Info.plist */; };
		C7EE4A042A31B6F1006B6139 /* PopularBrowserApp.swift in Sources */ = {isa = PBXBuildFile; fileRef = C7EE4A032A31B6F1006B6139 /* PopularBrowserApp.swift */; };
		C7EE4A062A31B6F1006B6139 /* ContentView.swift in Sources */ = {isa = PBXBuildFile; fileRef = C7EE4A052A31B6F1006B6139 /* ContentView.swift */; };
		C7EE4A082A31B6F2006B6139 /* Assets.xcassets in Resources */ = {isa = PBXBuildFile; fileRef = C7EE4A072A31B6F2006B6139 /* Assets.xcassets */; };
		C7EE4A0B2A31B6F2006B6139 /* Preview Assets.xcassets in Resources */ = {isa = PBXBuildFile; fileRef = C7EE4A0A2A31B6F2006B6139 /* Preview Assets.xcassets */; };
		C7EE4A122A31BEE0006B6139 /* AppStore.swift in Sources */ = {isa = PBXBuildFile; fileRef = C7EE4A112A31BEE0006B6139 /* AppStore.swift */; };
		C7EE4A142A31BEEA006B6139 /* AppState.swift in Sources */ = {isa = PBXBuildFile; fileRef = C7EE4A132A31BEEA006B6139 /* AppState.swift */; };
		C7EE4A162A31BEF8006B6139 /* AppAction.swift in Sources */ = {isa = PBXBuildFile; fileRef = C7EE4A152A31BEF8006B6139 /* AppAction.swift */; };
		C7EE4A182A31C0BE006B6139 /* AppCommand.swift in Sources */ = {isa = PBXBuildFile; fileRef = C7EE4A172A31C0BE006B6139 /* AppCommand.swift */; };
		C7EE4A1A2A31C271006B6139 /* LaunchingView.swift in Sources */ = {isa = PBXBuildFile; fileRef = C7EE4A192A31C271006B6139 /* LaunchingView.swift */; };
		C7EE4A1C2A31C279006B6139 /* LaunchedView.swift in Sources */ = {isa = PBXBuildFile; fileRef = C7EE4A1B2A31C279006B6139 /* LaunchedView.swift */; };
		C7EE4A1E2A31C6A2006B6139 /* Launch Screen.storyboard in Resources */ = {isa = PBXBuildFile; fileRef = C7EE4A1D2A31C6A1006B6139 /* Launch Screen.storyboard */; };
/* End PBXBuildFile section */

/* Begin PBXContainerItemProxy section */
		BFAB7B612B9063D600BC9609 /* PBXContainerItemProxy */ = {
			isa = PBXContainerItemProxy;
			containerPortal = C7EE49F82A31B6F1006B6139 /* Project object */;
			proxyType = 1;
			remoteGlobalIDString = BFAB7B582B9063D500BC9609;
			remoteInfo = Proxy;
		};
/* End PBXContainerItemProxy section */

/* Begin PBXCopyFilesBuildPhase section */
		BFAB7B672B9063D600BC9609 /* Embed Foundation Extensions */ = {
			isa = PBXCopyFilesBuildPhase;
			buildActionMask = 2147483647;
			dstPath = "";
			dstSubfolderSpec = 13;
			files = (
				BFAB7B632B9063D600BC9609 /* Proxy.appex in Embed Foundation Extensions */,
			);
			name = "Embed Foundation Extensions";
			runOnlyForDeploymentPostprocessing = 0;
		};
		BFAB7B9C2B909CCA00BC9609 /* Embed Frameworks */ = {
			isa = PBXCopyFilesBuildPhase;
			buildActionMask = 2147483647;
			dstPath = "";
			dstSubfolderSpec = 10;
			files = (
			);
			name = "Embed Frameworks";
			runOnlyForDeploymentPostprocessing = 0;
		};
/* End PBXCopyFilesBuildPhase section */

/* Begin PBXFileReference section */
		34EF2094C256793A54BA5CA0 /* Pods-Proxy.debug.xcconfig */ = {isa = PBXFileReference; includeInIndex = 1; lastKnownFileType = text.xcconfig; name = "Pods-Proxy.debug.xcconfig"; path = "Target Support Files/Pods-Proxy/Pods-Proxy.debug.xcconfig"; sourceTree = "<group>"; };
		3608C3862B9ED6B500A9600C /* BaseRequest.swift */ = {isa = PBXFileReference; fileEncoding = 4; lastKnownFileType = sourcecode.swift; path = BaseRequest.swift; sourceTree = "<group>"; };
		3608C3872B9ED6B500A9600C /* EventRequest.swift */ = {isa = PBXFileReference; fileEncoding = 4; lastKnownFileType = sourcecode.swift; path = EventRequest.swift; sourceTree = "<group>"; };
		3608C38F2B9EDE2800A9600C /* NetworkUtil.swift */ = {isa = PBXFileReference; fileEncoding = 4; lastKnownFileType = sourcecode.swift; name = NetworkUtil.swift; path = PopularBrowser/Data/NetworkUtil.swift; sourceTree = SOURCE_ROOT; };
		3608C3912B9F3C1300A9600C /* ServerListView.swift */ = {isa = PBXFileReference; lastKnownFileType = sourcecode.swift; path = ServerListView.swift; sourceTree = "<group>"; };
		368EF7AD2B91A04200E48E63 /* RequestCommand.swift */ = {isa = PBXFileReference; lastKnownFileType = sourcecode.swift; path = RequestCommand.swift; sourceTree = "<group>"; };
		368EF7AF2B91AF0800E48E63 /* GuideView.swift */ = {isa = PBXFileReference; lastKnownFileType = sourcecode.swift; path = GuideView.swift; sourceTree = "<group>"; };
		368EF7B12B91B75F00E48E63 /* VPNCommand.swift */ = {isa = PBXFileReference; lastKnownFileType = sourcecode.swift; path = VPNCommand.swift; sourceTree = "<group>"; };
		368EF7B62B91E18C00E48E63 /* PopularBrowser-Bridging-Header.h */ = {isa = PBXFileReference; lastKnownFileType = sourcecode.c.h; path = "PopularBrowser-Bridging-Header.h"; sourceTree = "<group>"; };
		368EF7B72B91E18D00E48E63 /* SimplePing.h */ = {isa = PBXFileReference; fileEncoding = 4; lastKnownFileType = sourcecode.c.h; path = SimplePing.h; sourceTree = "<group>"; };
		368EF7B82B91E18D00E48E63 /* SimplePing.m */ = {isa = PBXFileReference; fileEncoding = 4; lastKnownFileType = sourcecode.c.objc; path = SimplePing.m; sourceTree = "<group>"; };
		368EF7BA2B91E1BC00E48E63 /* VPNPingUtil.swift */ = {isa = PBXFileReference; lastKnownFileType = sourcecode.swift; path = VPNPingUtil.swift; sourceTree = "<group>"; };
		368EF7C02B91F12D00E48E63 /* VPNConnectResultView.swift */ = {isa = PBXFileReference; lastKnownFileType = sourcecode.swift; path = VPNConnectResultView.swift; sourceTree = "<group>"; };
		369314F02B99C6E2006FD99D /* EventCommand.swift */ = {isa = PBXFileReference; lastKnownFileType = sourcecode.swift; path = EventCommand.swift; sourceTree = "<group>"; };
		36A08B912B985EFF00F394F4 /* AdSupport.framework */ = {isa = PBXFileReference; lastKnownFileType = wrapper.framework; name = AdSupport.framework; path = System/Library/Frameworks/AdSupport.framework; sourceTree = SDKROOT; };
		36A08B932B985F1500F394F4 /* AdServices.framework */ = {isa = PBXFileReference; lastKnownFileType = wrapper.framework; name = AdServices.framework; path = System/Library/Frameworks/AdServices.framework; sourceTree = SDKROOT; };
		36A08B952B985F2300F394F4 /* StoreKit.framework */ = {isa = PBXFileReference; lastKnownFileType = wrapper.framework; name = StoreKit.framework; path = System/Library/Frameworks/StoreKit.framework; sourceTree = SDKROOT; };
		36A08B972B985F4100F394F4 /* AppTrackingTransparency.framework */ = {isa = PBXFileReference; lastKnownFileType = wrapper.framework; name = AppTrackingTransparency.framework; path = System/Library/Frameworks/AppTrackingTransparency.framework; sourceTree = SDKROOT; };
		40A09DA978A305F5829542F6 /* Pods_PopularBrowser.framework */ = {isa = PBXFileReference; explicitFileType = wrapper.framework; includeInIndex = 0; path = Pods_PopularBrowser.framework; sourceTree = BUILT_PRODUCTS_DIR; };
		6DED45A621B4FD8F1DF56D8F /* Pods-Proxy.release.xcconfig */ = {isa = PBXFileReference; includeInIndex = 1; lastKnownFileType = text.xcconfig; name = "Pods-Proxy.release.xcconfig"; path = "Target Support Files/Pods-Proxy/Pods-Proxy.release.xcconfig"; sourceTree = "<group>"; };
		AD5E8E5D9F709F2EA63569A3 /* Pods_Proxy.framework */ = {isa = PBXFileReference; explicitFileType = wrapper.framework; includeInIndex = 0; path = Pods_Proxy.framework; sourceTree = BUILT_PRODUCTS_DIR; };
		B9F10C7D42C49733FB0F3FB6 /* Pods-PopularBrowser.release.xcconfig */ = {isa = PBXFileReference; includeInIndex = 1; lastKnownFileType = text.xcconfig; name = "Pods-PopularBrowser.release.xcconfig"; path = "Target Support Files/Pods-PopularBrowser/Pods-PopularBrowser.release.xcconfig"; sourceTree = "<group>"; };
		BFAB7B512B9023BA00BC9609 /* admob_release.json */ = {isa = PBXFileReference; fileEncoding = 4; lastKnownFileType = text.json; path = admob_release.json; sourceTree = "<group>"; };
		BFAB7B532B90503800BC9609 /* AppUtil.swift */ = {isa = PBXFileReference; lastKnownFileType = sourcecode.swift; path = AppUtil.swift; sourceTree = "<group>"; };
		BFAB7B592B9063D500BC9609 /* Proxy.appex */ = {isa = PBXFileReference; explicitFileType = "wrapper.app-extension"; includeInIndex = 0; path = Proxy.appex; sourceTree = BUILT_PRODUCTS_DIR; };
		BFAB7B5A2B9063D500BC9609 /* NetworkExtension.framework */ = {isa = PBXFileReference; lastKnownFileType = wrapper.framework; name = NetworkExtension.framework; path = System/Library/Frameworks/NetworkExtension.framework; sourceTree = SDKROOT; };
		BFAB7B5D2B9063D600BC9609 /* PacketTunnelProvider.swift */ = {isa = PBXFileReference; lastKnownFileType = sourcecode.swift; path = PacketTunnelProvider.swift; sourceTree = "<group>"; };
		BFAB7B5F2B9063D600BC9609 /* Info.plist */ = {isa = PBXFileReference; lastKnownFileType = text.plist.xml; path = Info.plist; sourceTree = "<group>"; };
		BFAB7B602B9063D600BC9609 /* Proxy.entitlements */ = {isa = PBXFileReference; lastKnownFileType = text.plist.entitlements; path = Proxy.entitlements; sourceTree = "<group>"; };
		BFAB7B682B90656E00BC9609 /* Proxy-Bridging-Header.h */ = {isa = PBXFileReference; lastKnownFileType = sourcecode.c.h; path = "Proxy-Bridging-Header.h"; sourceTree = "<group>"; };
		BFAB7B702B90664D00BC9609 /* ShadowsocksConnectivity.m */ = {isa = PBXFileReference; fileEncoding = 4; lastKnownFileType = sourcecode.c.objc; path = ShadowsocksConnectivity.m; sourceTree = "<group>"; };
		BFAB7B712B90664D00BC9609 /* Shadowsocks.m */ = {isa = PBXFileReference; fileEncoding = 4; lastKnownFileType = sourcecode.c.objc; path = Shadowsocks.m; sourceTree = "<group>"; };
		BFAB7B722B90664D00BC9609 /* ShadowsocksConnectivity.h */ = {isa = PBXFileReference; fileEncoding = 4; lastKnownFileType = sourcecode.c.h; path = ShadowsocksConnectivity.h; sourceTree = "<group>"; };
		BFAB7B732B90664D00BC9609 /* Shadowsocks.h */ = {isa = PBXFileReference; fileEncoding = 4; lastKnownFileType = sourcecode.c.h; path = Shadowsocks.h; sourceTree = "<group>"; };
		BFAB7B872B906A7D00BC9609 /* VPNUtil.swift */ = {isa = PBXFileReference; lastKnownFileType = sourcecode.swift; path = VPNUtil.swift; sourceTree = "<group>"; };
		BFAB7B8A2B90730A00BC9609 /* VPNModel.swift */ = {isa = PBXFileReference; lastKnownFileType = sourcecode.swift; path = VPNModel.swift; sourceTree = "<group>"; };
		BFAB7B8D2B9074FB00BC9609 /* CacheUtil.swift */ = {isa = PBXFileReference; lastKnownFileType = sourcecode.swift; name = CacheUtil.swift; path = ../Data/CacheUtil.swift; sourceTree = "<group>"; };
		BFAB7B902B90783300BC9609 /* server.json */ = {isa = PBXFileReference; fileEncoding = 4; lastKnownFileType = text.json; path = server.json; sourceTree = "<group>"; };
		BFAB7B972B908CA300BC9609 /* VPNView.swift */ = {isa = PBXFileReference; lastKnownFileType = sourcecode.swift; path = VPNView.swift; sourceTree = "<group>"; };
		BFAB7B992B90929200BC9609 /* PopularBrowser.entitlements */ = {isa = PBXFileReference; lastKnownFileType = text.plist.entitlements; path = PopularBrowser.entitlements; sourceTree = "<group>"; };
		C703CA542A398E6100D95613 /* GADUtil.swift */ = {isa = PBXFileReference; lastKnownFileType = sourcecode.swift; path = GADUtil.swift; sourceTree = "<group>"; };
		C703CA562A39912700D95613 /* GADCommand.swift */ = {isa = PBXFileReference; lastKnownFileType = sourcecode.swift; path = GADCommand.swift; sourceTree = "<group>"; };
		C703CA582A39922B00D95613 /* NativeADView.swift */ = {isa = PBXFileReference; lastKnownFileType = sourcecode.swift; path = NativeADView.swift; sourceTree = "<group>"; };
		C703CA5A2A3996F500D95613 /* admob.json */ = {isa = PBXFileReference; fileEncoding = 4; lastKnownFileType = text.json; path = admob.json; sourceTree = "<group>"; };
		C70E8ED32A331A3F0029C91C /* ShareView.swift */ = {isa = PBXFileReference; lastKnownFileType = sourcecode.swift; path = ShareView.swift; sourceTree = "<group>"; };
		C70E8ED52A3323E60029C91C /* CleanPopView.swift */ = {isa = PBXFileReference; lastKnownFileType = sourcecode.swift; path = CleanPopView.swift; sourceTree = "<group>"; };
		C70E8ED72A3323EC0029C91C /* CleanView.swift */ = {isa = PBXFileReference; lastKnownFileType = sourcecode.swift; path = CleanView.swift; sourceTree = "<group>"; };
		C70E8ED92A332E3C0029C91C /* FirebaseUtil.swift */ = {isa = PBXFileReference; lastKnownFileType = sourcecode.swift; path = FirebaseUtil.swift; sourceTree = "<group>"; };
		C77684E42A31EFE7004554E1 /* BrowserUtil.swift */ = {isa = PBXFileReference; lastKnownFileType = sourcecode.swift; path = BrowserUtil.swift; sourceTree = "<group>"; };
		C77684E62A31F2CB004554E1 /* WebView.swift */ = {isa = PBXFileReference; lastKnownFileType = sourcecode.swift; path = WebView.swift; sourceTree = "<group>"; };
		C77684EB2A32F616004554E1 /* TableView.swift */ = {isa = PBXFileReference; lastKnownFileType = sourcecode.swift; path = TableView.swift; sourceTree = "<group>"; };
		C77684ED2A33077B004554E1 /* SettingView.swift */ = {isa = PBXFileReference; lastKnownFileType = sourcecode.swift; path = SettingView.swift; sourceTree = "<group>"; };
		C77684EF2A3312E5004554E1 /* PrivacyView.swift */ = {isa = PBXFileReference; lastKnownFileType = sourcecode.swift; path = PrivacyView.swift; sourceTree = "<group>"; };
		C77684F12A3312EB004554E1 /* TermsView.swift */ = {isa = PBXFileReference; lastKnownFileType = sourcecode.swift; path = TermsView.swift; sourceTree = "<group>"; };
		C7AA9BDB2A56F50700EB3CF8 /* GoogleService-Info.plist */ = {isa = PBXFileReference; fileEncoding = 4; lastKnownFileType = text.plist.xml; path = "GoogleService-Info.plist"; sourceTree = "<group>"; };
		C7D6908F2A36C6EE0070CC52 /* Info.plist */ = {isa = PBXFileReference; lastKnownFileType = text.plist; path = Info.plist; sourceTree = "<group>"; };
		C7EE4A002A31B6F1006B6139 /* PopularBrowser.app */ = {isa = PBXFileReference; explicitFileType = wrapper.application; includeInIndex = 0; path = PopularBrowser.app; sourceTree = BUILT_PRODUCTS_DIR; };
		C7EE4A032A31B6F1006B6139 /* PopularBrowserApp.swift */ = {isa = PBXFileReference; lastKnownFileType = sourcecode.swift; path = PopularBrowserApp.swift; sourceTree = "<group>"; };
		C7EE4A052A31B6F1006B6139 /* ContentView.swift */ = {isa = PBXFileReference; lastKnownFileType = sourcecode.swift; path = ContentView.swift; sourceTree = "<group>"; };
		C7EE4A072A31B6F2006B6139 /* Assets.xcassets */ = {isa = PBXFileReference; lastKnownFileType = folder.assetcatalog; path = Assets.xcassets; sourceTree = "<group>"; };
		C7EE4A0A2A31B6F2006B6139 /* Preview Assets.xcassets */ = {isa = PBXFileReference; lastKnownFileType = folder.assetcatalog; path = "Preview Assets.xcassets"; sourceTree = "<group>"; };
		C7EE4A112A31BEE0006B6139 /* AppStore.swift */ = {isa = PBXFileReference; lastKnownFileType = sourcecode.swift; path = AppStore.swift; sourceTree = "<group>"; };
		C7EE4A132A31BEEA006B6139 /* AppState.swift */ = {isa = PBXFileReference; lastKnownFileType = sourcecode.swift; path = AppState.swift; sourceTree = "<group>"; };
		C7EE4A152A31BEF8006B6139 /* AppAction.swift */ = {isa = PBXFileReference; lastKnownFileType = sourcecode.swift; path = AppAction.swift; sourceTree = "<group>"; };
		C7EE4A172A31C0BE006B6139 /* AppCommand.swift */ = {isa = PBXFileReference; lastKnownFileType = sourcecode.swift; path = AppCommand.swift; sourceTree = "<group>"; };
		C7EE4A192A31C271006B6139 /* LaunchingView.swift */ = {isa = PBXFileReference; lastKnownFileType = sourcecode.swift; path = LaunchingView.swift; sourceTree = "<group>"; };
		C7EE4A1B2A31C279006B6139 /* LaunchedView.swift */ = {isa = PBXFileReference; lastKnownFileType = sourcecode.swift; path = LaunchedView.swift; sourceTree = "<group>"; };
		C7EE4A1D2A31C6A1006B6139 /* Launch Screen.storyboard */ = {isa = PBXFileReference; lastKnownFileType = file.storyboard; path = "Launch Screen.storyboard"; sourceTree = "<group>"; };
		D5BF34D6263B64CB81AC58D6 /* Pods-PopularBrowser.debug.xcconfig */ = {isa = PBXFileReference; includeInIndex = 1; lastKnownFileType = text.xcconfig; name = "Pods-PopularBrowser.debug.xcconfig"; path = "Target Support Files/Pods-PopularBrowser/Pods-PopularBrowser.debug.xcconfig"; sourceTree = "<group>"; };
/* End PBXFileReference section */

/* Begin PBXFrameworksBuildPhase section */
		BFAB7B562B9063D500BC9609 /* Frameworks */ = {
			isa = PBXFrameworksBuildPhase;
			buildActionMask = 2147483647;
			files = (
				BFAB7B5B2B9063D600BC9609 /* NetworkExtension.framework in Frameworks */,
				1EA1186D87D75469BC471D9A /* Pods_Proxy.framework in Frameworks */,
			);
			runOnlyForDeploymentPostprocessing = 0;
		};
		C7EE49FD2A31B6F1006B6139 /* Frameworks */ = {
			isa = PBXFrameworksBuildPhase;
			buildActionMask = 2147483647;
			files = (
				36A08BA32B98635B00F394F4 /* WebBridge in Frameworks */,
				C77684EA2A31F563004554E1 /* SheetKit in Frameworks */,
				C703CA532A398E1500D95613 /* GoogleMobileAds in Frameworks */,
				36A08BA12B98635A00F394F4 /* Trademob in Frameworks */,
				36A08B982B985F4100F394F4 /* AppTrackingTransparency.framework in Frameworks */,
				3608C38E2B9EDA3500A9600C /* Alamofire in Frameworks */,
				C70E8EE22A3332970029C91C /* FirebaseCrashlytics in Frameworks */,
				36A08B9F2B98635A00F394F4 /* Sociomantic in Frameworks */,
				C70E8EE02A3332970029C91C /* FirebaseAnalytics in Frameworks */,
				36A08BA62B986A0700F394F4 /* SnapKit in Frameworks */,
				368EF7B52B91D3C800E48E63 /* Reachability in Frameworks */,
				36A08B942B985F1500F394F4 /* AdServices.framework in Frameworks */,
				36A08B9B2B98635A00F394F4 /* Adjust in Frameworks */,
				C70E8EE42A3332970029C91C /* FirebaseRemoteConfig in Frameworks */,
				36A08B922B985EFF00F394F4 /* AdSupport.framework in Frameworks */,
				36A08B9D2B98635A00F394F4 /* Criteo in Frameworks */,
				36A08B962B985F2400F394F4 /* StoreKit.framework in Frameworks */,
				6801C22895D6189ACE7A92FD /* Pods_PopularBrowser.framework in Frameworks */,
			);
			runOnlyForDeploymentPostprocessing = 0;
		};
/* End PBXFrameworksBuildPhase section */

/* Begin PBXGroup section */
		768EBC37B0A0A8928E1D4E60 /* Frameworks */ = {
			isa = PBXGroup;
			children = (
				36A08B972B985F4100F394F4 /* AppTrackingTransparency.framework */,
				36A08B952B985F2300F394F4 /* StoreKit.framework */,
				36A08B932B985F1500F394F4 /* AdServices.framework */,
				36A08B912B985EFF00F394F4 /* AdSupport.framework */,
				40A09DA978A305F5829542F6 /* Pods_PopularBrowser.framework */,
				BFAB7B5A2B9063D500BC9609 /* NetworkExtension.framework */,
				AD5E8E5D9F709F2EA63569A3 /* Pods_Proxy.framework */,
			);
			name = Frameworks;
			sourceTree = "<group>";
		};
		BFAB7B5C2B9063D600BC9609 /* Proxy */ = {
			isa = PBXGroup;
			children = (
				BFAB7B6F2B90664D00BC9609 /* Shadowsocks */,
				BFAB7B5D2B9063D600BC9609 /* PacketTunnelProvider.swift */,
				BFAB7B5F2B9063D600BC9609 /* Info.plist */,
				BFAB7B602B9063D600BC9609 /* Proxy.entitlements */,
				BFAB7B682B90656E00BC9609 /* Proxy-Bridging-Header.h */,
			);
			path = Proxy;
			sourceTree = "<group>";
		};
		BFAB7B6F2B90664D00BC9609 /* Shadowsocks */ = {
			isa = PBXGroup;
			children = (
				BFAB7B702B90664D00BC9609 /* ShadowsocksConnectivity.m */,
				BFAB7B712B90664D00BC9609 /* Shadowsocks.m */,
				BFAB7B722B90664D00BC9609 /* ShadowsocksConnectivity.h */,
				BFAB7B732B90664D00BC9609 /* Shadowsocks.h */,
			);
			path = Shadowsocks;
			sourceTree = "<group>";
		};
		BFAB7B7D2B9068D900BC9609 /* Util */ = {
			isa = PBXGroup;
			children = (
				3608C3862B9ED6B500A9600C /* BaseRequest.swift */,
				3608C3872B9ED6B500A9600C /* EventRequest.swift */,
				368EF7B72B91E18D00E48E63 /* SimplePing.h */,
				368EF7B82B91E18D00E48E63 /* SimplePing.m */,
				C77684E42A31EFE7004554E1 /* BrowserUtil.swift */,
				368EF7BA2B91E1BC00E48E63 /* VPNPingUtil.swift */,
				C70E8ED92A332E3C0029C91C /* FirebaseUtil.swift */,
				C703CA542A398E6100D95613 /* GADUtil.swift */,
				BFAB7B532B90503800BC9609 /* AppUtil.swift */,
				BFAB7B872B906A7D00BC9609 /* VPNUtil.swift */,
				BFAB7B8D2B9074FB00BC9609 /* CacheUtil.swift */,
				3608C38F2B9EDE2800A9600C /* NetworkUtil.swift */,
				368EF7B62B91E18C00E48E63 /* PopularBrowser-Bridging-Header.h */,
			);
			path = Util;
			sourceTree = "<group>";
		};
		BFAB7B7E2B9068EA00BC9609 /* Resource */ = {
			isa = PBXGroup;
			children = (
				C7EE4A072A31B6F2006B6139 /* Assets.xcassets */,
				C7EE4A1D2A31C6A1006B6139 /* Launch Screen.storyboard */,
				C7EE4A092A31B6F2006B6139 /* Preview Content */,
				BFAB7B512B9023BA00BC9609 /* admob_release.json */,
				C703CA5A2A3996F500D95613 /* admob.json */,
				BFAB7B902B90783300BC9609 /* server.json */,
				C7AA9BDB2A56F50700EB3CF8 /* GoogleService-Info.plist */,
			);
			path = Resource;
			sourceTree = "<group>";
		};
		BFAB7B7F2B90693B00BC9609 /* View */ = {
			isa = PBXGroup;
			children = (
				C7EE4A052A31B6F1006B6139 /* ContentView.swift */,
				368EF7C02B91F12D00E48E63 /* VPNConnectResultView.swift */,
				BFAB7B972B908CA300BC9609 /* VPNView.swift */,
				3608C3912B9F3C1300A9600C /* ServerListView.swift */,
				368EF7AF2B91AF0800E48E63 /* GuideView.swift */,
				C7EE4A192A31C271006B6139 /* LaunchingView.swift */,
				C7EE4A1B2A31C279006B6139 /* LaunchedView.swift */,
				C70E8ED52A3323E60029C91C /* CleanPopView.swift */,
				C70E8ED72A3323EC0029C91C /* CleanView.swift */,
				C77684EB2A32F616004554E1 /* TableView.swift */,
				C77684ED2A33077B004554E1 /* SettingView.swift */,
				C70E8ED32A331A3F0029C91C /* ShareView.swift */,
				C77684EF2A3312E5004554E1 /* PrivacyView.swift */,
				C77684F12A3312EB004554E1 /* TermsView.swift */,
				C77684E62A31F2CB004554E1 /* WebView.swift */,
				C703CA582A39922B00D95613 /* NativeADView.swift */,
			);
			path = View;
			sourceTree = "<group>";
		};
		BFAB7B802B90694B00BC9609 /* Data */ = {
			isa = PBXGroup;
			children = (
				C7EE4A112A31BEE0006B6139 /* AppStore.swift */,
				C7EE4A132A31BEEA006B6139 /* AppState.swift */,
				C7EE4A152A31BEF8006B6139 /* AppAction.swift */,
				C7EE4A172A31C0BE006B6139 /* AppCommand.swift */,
				368EF7B12B91B75F00E48E63 /* VPNCommand.swift */,
				368EF7AD2B91A04200E48E63 /* RequestCommand.swift */,
				C703CA562A39912700D95613 /* GADCommand.swift */,
				369314F02B99C6E2006FD99D /* EventCommand.swift */,
				BFAB7B8A2B90730A00BC9609 /* VPNModel.swift */,
			);
			path = Data;
			sourceTree = "<group>";
		};
		C36CF1E979ADD83BD443118C /* Pods */ = {
			isa = PBXGroup;
			children = (
				D5BF34D6263B64CB81AC58D6 /* Pods-PopularBrowser.debug.xcconfig */,
				B9F10C7D42C49733FB0F3FB6 /* Pods-PopularBrowser.release.xcconfig */,
				34EF2094C256793A54BA5CA0 /* Pods-Proxy.debug.xcconfig */,
				6DED45A621B4FD8F1DF56D8F /* Pods-Proxy.release.xcconfig */,
			);
			path = Pods;
			sourceTree = "<group>";
		};
		C7EE49F72A31B6F1006B6139 = {
			isa = PBXGroup;
			children = (
				C7EE4A022A31B6F1006B6139 /* PopularBrowser */,
				BFAB7B5C2B9063D600BC9609 /* Proxy */,
				C7EE4A012A31B6F1006B6139 /* Products */,
				C36CF1E979ADD83BD443118C /* Pods */,
				768EBC37B0A0A8928E1D4E60 /* Frameworks */,
			);
			sourceTree = "<group>";
		};
		C7EE4A012A31B6F1006B6139 /* Products */ = {
			isa = PBXGroup;
			children = (
				C7EE4A002A31B6F1006B6139 /* PopularBrowser.app */,
				BFAB7B592B9063D500BC9609 /* Proxy.appex */,
			);
			name = Products;
			sourceTree = "<group>";
		};
		C7EE4A022A31B6F1006B6139 /* PopularBrowser */ = {
			isa = PBXGroup;
			children = (
				BFAB7B992B90929200BC9609 /* PopularBrowser.entitlements */,
				BFAB7B7E2B9068EA00BC9609 /* Resource */,
				C7D6908F2A36C6EE0070CC52 /* Info.plist */,
				BFAB7B7D2B9068D900BC9609 /* Util */,
				BFAB7B802B90694B00BC9609 /* Data */,
				C7EE4A032A31B6F1006B6139 /* PopularBrowserApp.swift */,
				BFAB7B7F2B90693B00BC9609 /* View */,
			);
			path = PopularBrowser;
			sourceTree = "<group>";
		};
		C7EE4A092A31B6F2006B6139 /* Preview Content */ = {
			isa = PBXGroup;
			children = (
				C7EE4A0A2A31B6F2006B6139 /* Preview Assets.xcassets */,
			);
			path = "Preview Content";
			sourceTree = "<group>";
		};
/* End PBXGroup section */

/* Begin PBXNativeTarget section */
		BFAB7B582B9063D500BC9609 /* Proxy */ = {
			isa = PBXNativeTarget;
			buildConfigurationList = BFAB7B642B9063D600BC9609 /* Build configuration list for PBXNativeTarget "Proxy" */;
			buildPhases = (
				1A1555FCEB3B3AF45FDF68C2 /* [CP] Check Pods Manifest.lock */,
				BFAB7B552B9063D500BC9609 /* Sources */,
				BFAB7B562B9063D500BC9609 /* Frameworks */,
				BFAB7B572B9063D500BC9609 /* Resources */,
			);
			buildRules = (
			);
			dependencies = (
			);
			name = Proxy;
			productName = Proxy;
			productReference = BFAB7B592B9063D500BC9609 /* Proxy.appex */;
			productType = "com.apple.product-type.app-extension";
		};
		C7EE49FF2A31B6F1006B6139 /* PopularBrowser */ = {
			isa = PBXNativeTarget;
			buildConfigurationList = C7EE4A0E2A31B6F2006B6139 /* Build configuration list for PBXNativeTarget "PopularBrowser" */;
			buildPhases = (
				65E2B683C3866C1974CC3CCC /* [CP] Check Pods Manifest.lock */,
				C7EE49FC2A31B6F1006B6139 /* Sources */,
				C7EE49FD2A31B6F1006B6139 /* Frameworks */,
				C7EE49FE2A31B6F1006B6139 /* Resources */,
				B8DD018222FB2BBA53D0A852 /* [CP] Embed Pods Frameworks */,
				BFAB7B672B9063D600BC9609 /* Embed Foundation Extensions */,
				BFAB7B9C2B909CCA00BC9609 /* Embed Frameworks */,
			);
			buildRules = (
			);
			dependencies = (
				BFAB7B622B9063D600BC9609 /* PBXTargetDependency */,
			);
			name = PopularBrowser;
			packageProductDependencies = (
				C77684E92A31F563004554E1 /* SheetKit */,
				C70E8EDF2A3332970029C91C /* FirebaseAnalytics */,
				C70E8EE12A3332970029C91C /* FirebaseCrashlytics */,
				C70E8EE32A3332970029C91C /* FirebaseRemoteConfig */,
				C703CA522A398E1500D95613 /* GoogleMobileAds */,
				368EF7B42B91D3C800E48E63 /* Reachability */,
				36A08B9A2B98635A00F394F4 /* Adjust */,
				36A08B9C2B98635A00F394F4 /* Criteo */,
				36A08B9E2B98635A00F394F4 /* Sociomantic */,
				36A08BA02B98635A00F394F4 /* Trademob */,
				36A08BA22B98635B00F394F4 /* WebBridge */,
				36A08BA52B986A0700F394F4 /* SnapKit */,
				3608C38D2B9EDA3500A9600C /* Alamofire */,
			);
			productName = PopularBrowser;
			productReference = C7EE4A002A31B6F1006B6139 /* PopularBrowser.app */;
			productType = "com.apple.product-type.application";
		};
/* End PBXNativeTarget section */

/* Begin PBXProject section */
		C7EE49F82A31B6F1006B6139 /* Project object */ = {
			isa = PBXProject;
			attributes = {
				BuildIndependentTargetsInParallel = 1;
				LastSwiftUpdateCheck = 1520;
				LastUpgradeCheck = 1420;
				TargetAttributes = {
					BFAB7B582B9063D500BC9609 = {
						CreatedOnToolsVersion = 15.2;
						LastSwiftMigration = 1520;
					};
					C7EE49FF2A31B6F1006B6139 = {
						CreatedOnToolsVersion = 14.2;
						LastSwiftMigration = 1430;
					};
				};
			};
			buildConfigurationList = C7EE49FB2A31B6F1006B6139 /* Build configuration list for PBXProject "PopularBrowser" */;
			compatibilityVersion = "Xcode 13.0";
			developmentRegion = en;
			hasScannedForEncodings = 0;
			knownRegions = (
				en,
				Base,
			);
			mainGroup = C7EE49F72A31B6F1006B6139;
			packageReferences = (
				C77684E82A31F563004554E1 /* XCRemoteSwiftPackageReference "SheetKit" */,
				C70E8EDE2A3332960029C91C /* XCRemoteSwiftPackageReference "firebase-ios-sdk" */,
				C703CA512A398E1500D95613 /* XCRemoteSwiftPackageReference "GoogleMobileAds" */,
				368EF7B32B91D3C800E48E63 /* XCRemoteSwiftPackageReference "Reachability" */,
				36A08B992B98635A00F394F4 /* XCRemoteSwiftPackageReference "ios_sdk" */,
				36A08BA42B986A0700F394F4 /* XCRemoteSwiftPackageReference "SnapKit" */,
				3608C38C2B9EDA3500A9600C /* XCRemoteSwiftPackageReference "Alamofire" */,
			);
			productRefGroup = C7EE4A012A31B6F1006B6139 /* Products */;
			projectDirPath = "";
			projectRoot = "";
			targets = (
				C7EE49FF2A31B6F1006B6139 /* PopularBrowser */,
				BFAB7B582B9063D500BC9609 /* Proxy */,
			);
		};
/* End PBXProject section */

/* Begin PBXResourcesBuildPhase section */
		BFAB7B572B9063D500BC9609 /* Resources */ = {
			isa = PBXResourcesBuildPhase;
			buildActionMask = 2147483647;
			files = (
			);
			runOnlyForDeploymentPostprocessing = 0;
		};
		C7EE49FE2A31B6F1006B6139 /* Resources */ = {
			isa = PBXResourcesBuildPhase;
			buildActionMask = 2147483647;
			files = (
				C703CA5B2A3996F600D95613 /* admob.json in Resources */,
				BFAB7B912B90783400BC9609 /* server.json in Resources */,
				C7EE4A1E2A31C6A2006B6139 /* Launch Screen.storyboard in Resources */,
				C7AA9BDC2A56F50700EB3CF8 /* GoogleService-Info.plist in Resources */,
				C7EE4A0B2A31B6F2006B6139 /* Preview Assets.xcassets in Resources */,
				C7EE4A082A31B6F2006B6139 /* Assets.xcassets in Resources */,
				BFAB7B522B9023BA00BC9609 /* admob_release.json in Resources */,
			);
			runOnlyForDeploymentPostprocessing = 0;
		};
/* End PBXResourcesBuildPhase section */

/* Begin PBXShellScriptBuildPhase section */
		1A1555FCEB3B3AF45FDF68C2 /* [CP] Check Pods Manifest.lock */ = {
			isa = PBXShellScriptBuildPhase;
			buildActionMask = 2147483647;
			files = (
			);
			inputFileListPaths = (
			);
			inputPaths = (
				"${PODS_PODFILE_DIR_PATH}/Podfile.lock",
				"${PODS_ROOT}/Manifest.lock",
			);
			name = "[CP] Check Pods Manifest.lock";
			outputFileListPaths = (
			);
			outputPaths = (
				"$(DERIVED_FILE_DIR)/Pods-Proxy-checkManifestLockResult.txt",
			);
			runOnlyForDeploymentPostprocessing = 0;
			shellPath = /bin/sh;
			shellScript = "diff \"${PODS_PODFILE_DIR_PATH}/Podfile.lock\" \"${PODS_ROOT}/Manifest.lock\" > /dev/null\nif [ $? != 0 ] ; then\n    # print error to STDERR\n    echo \"error: The sandbox is not in sync with the Podfile.lock. Run 'pod install' or update your CocoaPods installation.\" >&2\n    exit 1\nfi\n# This output is used by Xcode 'outputs' to avoid re-running this script phase.\necho \"SUCCESS\" > \"${SCRIPT_OUTPUT_FILE_0}\"\n";
			showEnvVarsInLog = 0;
		};
		65E2B683C3866C1974CC3CCC /* [CP] Check Pods Manifest.lock */ = {
			isa = PBXShellScriptBuildPhase;
			buildActionMask = 2147483647;
			files = (
			);
			inputFileListPaths = (
			);
			inputPaths = (
				"${PODS_PODFILE_DIR_PATH}/Podfile.lock",
				"${PODS_ROOT}/Manifest.lock",
			);
			name = "[CP] Check Pods Manifest.lock";
			outputFileListPaths = (
			);
			outputPaths = (
				"$(DERIVED_FILE_DIR)/Pods-PopularBrowser-checkManifestLockResult.txt",
			);
			runOnlyForDeploymentPostprocessing = 0;
			shellPath = /bin/sh;
			shellScript = "diff \"${PODS_PODFILE_DIR_PATH}/Podfile.lock\" \"${PODS_ROOT}/Manifest.lock\" > /dev/null\nif [ $? != 0 ] ; then\n    # print error to STDERR\n    echo \"error: The sandbox is not in sync with the Podfile.lock. Run 'pod install' or update your CocoaPods installation.\" >&2\n    exit 1\nfi\n# This output is used by Xcode 'outputs' to avoid re-running this script phase.\necho \"SUCCESS\" > \"${SCRIPT_OUTPUT_FILE_0}\"\n";
			showEnvVarsInLog = 0;
		};
		B8DD018222FB2BBA53D0A852 /* [CP] Embed Pods Frameworks */ = {
			isa = PBXShellScriptBuildPhase;
			buildActionMask = 2147483647;
			files = (
			);
			inputFileListPaths = (
				"${PODS_ROOT}/Target Support Files/Pods-PopularBrowser/Pods-PopularBrowser-frameworks-${CONFIGURATION}-input-files.xcfilelist",
			);
			name = "[CP] Embed Pods Frameworks";
			outputFileListPaths = (
				"${PODS_ROOT}/Target Support Files/Pods-PopularBrowser/Pods-PopularBrowser-frameworks-${CONFIGURATION}-output-files.xcfilelist",
			);
			runOnlyForDeploymentPostprocessing = 0;
			shellPath = /bin/sh;
			shellScript = "\"${PODS_ROOT}/Target Support Files/Pods-PopularBrowser/Pods-PopularBrowser-frameworks.sh\"\n";
			showEnvVarsInLog = 0;
		};
/* End PBXShellScriptBuildPhase section */

/* Begin PBXSourcesBuildPhase section */
		BFAB7B552B9063D500BC9609 /* Sources */ = {
			isa = PBXSourcesBuildPhase;
			buildActionMask = 2147483647;
			files = (
				BFAB7B752B90664D00BC9609 /* Shadowsocks.m in Sources */,
				BFAB7B5E2B9063D600BC9609 /* PacketTunnelProvider.swift in Sources */,
				BFAB7B8C2B90730A00BC9609 /* VPNModel.swift in Sources */,
				BFAB7B742B90664D00BC9609 /* ShadowsocksConnectivity.m in Sources */,
			);
			runOnlyForDeploymentPostprocessing = 0;
		};
		C7EE49FC2A31B6F1006B6139 /* Sources */ = {
			isa = PBXSourcesBuildPhase;
			buildActionMask = 2147483647;
			files = (
				C70E8ED42A331A3F0029C91C /* ShareView.swift in Sources */,
				C77684EC2A32F616004554E1 /* TableView.swift in Sources */,
				3608C3882B9ED6B500A9600C /* BaseRequest.swift in Sources */,
				3608C3892B9ED6B500A9600C /* EventRequest.swift in Sources */,
				C77684F02A3312E5004554E1 /* PrivacyView.swift in Sources */,
				368EF7B92B91E18D00E48E63 /* SimplePing.m in Sources */,
				BFAB7B882B906A7D00BC9609 /* VPNUtil.swift in Sources */,
				369314F12B99C6E2006FD99D /* EventCommand.swift in Sources */,
				C7EE4A122A31BEE0006B6139 /* AppStore.swift in Sources */,
				368EF7AE2B91A04200E48E63 /* RequestCommand.swift in Sources */,
				BFAB7B982B908CA300BC9609 /* VPNView.swift in Sources */,
				368EF7C12B91F12D00E48E63 /* VPNConnectResultView.swift in Sources */,
				C70E8ED82A3323EC0029C91C /* CleanView.swift in Sources */,
				BFAB7B8B2B90730A00BC9609 /* VPNModel.swift in Sources */,
				BFAB7B542B90503800BC9609 /* AppUtil.swift in Sources */,
				C77684E72A31F2CB004554E1 /* WebView.swift in Sources */,
				368EF7B02B91AF0800E48E63 /* GuideView.swift in Sources */,
				BFAB7B8E2B9074FB00BC9609 /* CacheUtil.swift in Sources */,
				C703CA572A39912700D95613 /* GADCommand.swift in Sources */,
				368EF7BB2B91E1BC00E48E63 /* VPNPingUtil.swift in Sources */,
				3608C3902B9EDE2800A9600C /* NetworkUtil.swift in Sources */,
				C7EE4A182A31C0BE006B6139 /* AppCommand.swift in Sources */,
				C7EE4A062A31B6F1006B6139 /* ContentView.swift in Sources */,
				C77684F22A3312EB004554E1 /* TermsView.swift in Sources */,
				C7EE4A162A31BEF8006B6139 /* AppAction.swift in Sources */,
				368EF7B22B91B75F00E48E63 /* VPNCommand.swift in Sources */,
				C70E8EDA2A332E3C0029C91C /* FirebaseUtil.swift in Sources */,
				C7EE4A1C2A31C279006B6139 /* LaunchedView.swift in Sources */,
				C70E8ED62A3323E60029C91C /* CleanPopView.swift in Sources */,
				C703CA552A398E6100D95613 /* GADUtil.swift in Sources */,
				C7EE4A042A31B6F1006B6139 /* PopularBrowserApp.swift in Sources */,
				C7EE4A1A2A31C271006B6139 /* LaunchingView.swift in Sources */,
				C77684EE2A33077B004554E1 /* SettingView.swift in Sources */,
				C703CA592A39922B00D95613 /* NativeADView.swift in Sources */,
				C7EE4A142A31BEEA006B6139 /* AppState.swift in Sources */,
				3608C3922B9F3C1300A9600C /* ServerListView.swift in Sources */,
				C77684E52A31EFE7004554E1 /* BrowserUtil.swift in Sources */,
			);
			runOnlyForDeploymentPostprocessing = 0;
		};
/* End PBXSourcesBuildPhase section */

/* Begin PBXTargetDependency section */
		BFAB7B622B9063D600BC9609 /* PBXTargetDependency */ = {
			isa = PBXTargetDependency;
			target = BFAB7B582B9063D500BC9609 /* Proxy */;
			targetProxy = BFAB7B612B9063D600BC9609 /* PBXContainerItemProxy */;
		};
/* End PBXTargetDependency section */

/* Begin XCBuildConfiguration section */
		BFAB7B652B9063D600BC9609 /* Debug */ = {
			isa = XCBuildConfiguration;
			baseConfigurationReference = 34EF2094C256793A54BA5CA0 /* Pods-Proxy.debug.xcconfig */;
			buildSettings = {
				ASSETCATALOG_COMPILER_GENERATE_SWIFT_ASSET_SYMBOL_EXTENSIONS = YES;
				CLANG_ENABLE_MODULES = YES;
				CODE_SIGN_ENTITLEMENTS = Proxy/Proxy.entitlements;
				CODE_SIGN_IDENTITY = "Apple Development";
				CODE_SIGN_STYLE = Automatic;
				CURRENT_PROJECT_VERSION = 20240408;
				DEVELOPMENT_TEAM = CAP32C8DTF;
				ENABLE_USER_SCRIPT_SANDBOXING = YES;
				FRAMEWORK_SEARCH_PATHS = (
					"$(inherited)",
					"$(PROJECT_DIR)/PopularBrowser",
					"$(PROJECT_DIR)/PopularBrowser/Resource",
				);
				GCC_C_LANGUAGE_STANDARD = gnu17;
				GENERATE_INFOPLIST_FILE = YES;
				INFOPLIST_FILE = Proxy/Info.plist;
				INFOPLIST_KEY_CFBundleDisplayName = Proxy;
				INFOPLIST_KEY_NSHumanReadableCopyright = "";
				IPHONEOS_DEPLOYMENT_TARGET = 15.0;
				LD_RUNPATH_SEARCH_PATHS = (
					"$(inherited)",
					"@executable_path/Frameworks",
					"@executable_path/../../Frameworks",
				);
				LOCALIZATION_PREFERS_STRING_CATALOGS = YES;
				MARKETING_VERSION = 2.2.2;
				PRODUCT_BUNDLE_IDENTIFIER = com.popularSearch.browsers.fast.Proxy;
				PRODUCT_NAME = "$(TARGET_NAME)";
				SKIP_INSTALL = YES;
				SUPPORTED_PLATFORMS = "iphoneos iphonesimulator";
				SUPPORTS_MACCATALYST = NO;
				SWIFT_ACTIVE_COMPILATION_CONDITIONS = "DEBUG $(inherited)";
				SWIFT_EMIT_LOC_STRINGS = YES;
				SWIFT_OBJC_BRIDGING_HEADER = "Proxy/Proxy-Bridging-Header.h";
				SWIFT_OPTIMIZATION_LEVEL = "-Onone";
				SWIFT_VERSION = 5.0;
				TARGETED_DEVICE_FAMILY = 1;
			};
			name = Debug;
		};
		BFAB7B662B9063D600BC9609 /* Release */ = {
			isa = XCBuildConfiguration;
			baseConfigurationReference = 6DED45A621B4FD8F1DF56D8F /* Pods-Proxy.release.xcconfig */;
			buildSettings = {
				ASSETCATALOG_COMPILER_GENERATE_SWIFT_ASSET_SYMBOL_EXTENSIONS = YES;
				CLANG_ENABLE_MODULES = YES;
				CODE_SIGN_ENTITLEMENTS = Proxy/Proxy.entitlements;
				CODE_SIGN_IDENTITY = "Apple Development";
				CODE_SIGN_STYLE = Automatic;
				CURRENT_PROJECT_VERSION = 20240408;
				DEVELOPMENT_TEAM = CAP32C8DTF;
				ENABLE_USER_SCRIPT_SANDBOXING = YES;
				FRAMEWORK_SEARCH_PATHS = (
					"$(inherited)",
					"$(PROJECT_DIR)/PopularBrowser",
					"$(PROJECT_DIR)/PopularBrowser/Resource",
				);
				GCC_C_LANGUAGE_STANDARD = gnu17;
				GENERATE_INFOPLIST_FILE = YES;
				INFOPLIST_FILE = Proxy/Info.plist;
				INFOPLIST_KEY_CFBundleDisplayName = Proxy;
				INFOPLIST_KEY_NSHumanReadableCopyright = "";
				IPHONEOS_DEPLOYMENT_TARGET = 15.0;
				LD_RUNPATH_SEARCH_PATHS = (
					"$(inherited)",
					"@executable_path/Frameworks",
					"@executable_path/../../Frameworks",
				);
				LOCALIZATION_PREFERS_STRING_CATALOGS = YES;
				MARKETING_VERSION = 2.2.2;
				PRODUCT_BUNDLE_IDENTIFIER = com.popularSearch.browsers.fast.Proxy;
				PRODUCT_NAME = "$(TARGET_NAME)";
				SKIP_INSTALL = YES;
				SUPPORTED_PLATFORMS = "iphoneos iphonesimulator";
				SUPPORTS_MACCATALYST = NO;
				SWIFT_EMIT_LOC_STRINGS = YES;
				SWIFT_OBJC_BRIDGING_HEADER = "Proxy/Proxy-Bridging-Header.h";
				SWIFT_VERSION = 5.0;
				TARGETED_DEVICE_FAMILY = 1;
			};
			name = Release;
		};
		C7EE4A0C2A31B6F2006B6139 /* Debug */ = {
			isa = XCBuildConfiguration;
			buildSettings = {
				ALWAYS_SEARCH_USER_PATHS = NO;
				CLANG_ANALYZER_NONNULL = YES;
				CLANG_ANALYZER_NUMBER_OBJECT_CONVERSION = YES_AGGRESSIVE;
				CLANG_CXX_LANGUAGE_STANDARD = "gnu++20";
				CLANG_ENABLE_MODULES = YES;
				CLANG_ENABLE_OBJC_ARC = YES;
				CLANG_ENABLE_OBJC_WEAK = YES;
				CLANG_WARN_BLOCK_CAPTURE_AUTORELEASING = YES;
				CLANG_WARN_BOOL_CONVERSION = YES;
				CLANG_WARN_COMMA = YES;
				CLANG_WARN_CONSTANT_CONVERSION = YES;
				CLANG_WARN_DEPRECATED_OBJC_IMPLEMENTATIONS = YES;
				CLANG_WARN_DIRECT_OBJC_ISA_USAGE = YES_ERROR;
				CLANG_WARN_DOCUMENTATION_COMMENTS = YES;
				CLANG_WARN_EMPTY_BODY = YES;
				CLANG_WARN_ENUM_CONVERSION = YES;
				CLANG_WARN_INFINITE_RECURSION = YES;
				CLANG_WARN_INT_CONVERSION = YES;
				CLANG_WARN_NON_LITERAL_NULL_CONVERSION = YES;
				CLANG_WARN_OBJC_IMPLICIT_RETAIN_SELF = YES;
				CLANG_WARN_OBJC_LITERAL_CONVERSION = YES;
				CLANG_WARN_OBJC_ROOT_CLASS = YES_ERROR;
				CLANG_WARN_QUOTED_INCLUDE_IN_FRAMEWORK_HEADER = YES;
				CLANG_WARN_RANGE_LOOP_ANALYSIS = YES;
				CLANG_WARN_STRICT_PROTOTYPES = YES;
				CLANG_WARN_SUSPICIOUS_MOVE = YES;
				CLANG_WARN_UNGUARDED_AVAILABILITY = YES_AGGRESSIVE;
				CLANG_WARN_UNREACHABLE_CODE = YES;
				CLANG_WARN__DUPLICATE_METHOD_MATCH = YES;
				COPY_PHASE_STRIP = NO;
				DEBUG_INFORMATION_FORMAT = "dwarf-with-dsym";
				ENABLE_STRICT_OBJC_MSGSEND = YES;
				ENABLE_TESTABILITY = YES;
				GCC_C_LANGUAGE_STANDARD = gnu11;
				GCC_DYNAMIC_NO_PIC = NO;
				GCC_NO_COMMON_BLOCKS = YES;
				GCC_OPTIMIZATION_LEVEL = 0;
				GCC_PREPROCESSOR_DEFINITIONS = (
					"DEBUG=1",
					"$(inherited)",
				);
				GCC_WARN_64_TO_32_BIT_CONVERSION = YES;
				GCC_WARN_ABOUT_RETURN_TYPE = YES_ERROR;
				GCC_WARN_UNDECLARED_SELECTOR = YES;
				GCC_WARN_UNINITIALIZED_AUTOS = YES_AGGRESSIVE;
				GCC_WARN_UNUSED_FUNCTION = YES;
				GCC_WARN_UNUSED_VARIABLE = YES;
				IPHONEOS_DEPLOYMENT_TARGET = 16.2;
				MTL_ENABLE_DEBUG_INFO = INCLUDE_SOURCE;
				MTL_FAST_MATH = YES;
				ONLY_ACTIVE_ARCH = YES;
				SDKROOT = iphoneos;
				SWIFT_ACTIVE_COMPILATION_CONDITIONS = DEBUG;
				SWIFT_OPTIMIZATION_LEVEL = "-Onone";
			};
			name = Debug;
		};
		C7EE4A0D2A31B6F2006B6139 /* Release */ = {
			isa = XCBuildConfiguration;
			buildSettings = {
				ALWAYS_SEARCH_USER_PATHS = NO;
				CLANG_ANALYZER_NONNULL = YES;
				CLANG_ANALYZER_NUMBER_OBJECT_CONVERSION = YES_AGGRESSIVE;
				CLANG_CXX_LANGUAGE_STANDARD = "gnu++20";
				CLANG_ENABLE_MODULES = YES;
				CLANG_ENABLE_OBJC_ARC = YES;
				CLANG_ENABLE_OBJC_WEAK = YES;
				CLANG_WARN_BLOCK_CAPTURE_AUTORELEASING = YES;
				CLANG_WARN_BOOL_CONVERSION = YES;
				CLANG_WARN_COMMA = YES;
				CLANG_WARN_CONSTANT_CONVERSION = YES;
				CLANG_WARN_DEPRECATED_OBJC_IMPLEMENTATIONS = YES;
				CLANG_WARN_DIRECT_OBJC_ISA_USAGE = YES_ERROR;
				CLANG_WARN_DOCUMENTATION_COMMENTS = YES;
				CLANG_WARN_EMPTY_BODY = YES;
				CLANG_WARN_ENUM_CONVERSION = YES;
				CLANG_WARN_INFINITE_RECURSION = YES;
				CLANG_WARN_INT_CONVERSION = YES;
				CLANG_WARN_NON_LITERAL_NULL_CONVERSION = YES;
				CLANG_WARN_OBJC_IMPLICIT_RETAIN_SELF = YES;
				CLANG_WARN_OBJC_LITERAL_CONVERSION = YES;
				CLANG_WARN_OBJC_ROOT_CLASS = YES_ERROR;
				CLANG_WARN_QUOTED_INCLUDE_IN_FRAMEWORK_HEADER = YES;
				CLANG_WARN_RANGE_LOOP_ANALYSIS = YES;
				CLANG_WARN_STRICT_PROTOTYPES = YES;
				CLANG_WARN_SUSPICIOUS_MOVE = YES;
				CLANG_WARN_UNGUARDED_AVAILABILITY = YES_AGGRESSIVE;
				CLANG_WARN_UNREACHABLE_CODE = YES;
				CLANG_WARN__DUPLICATE_METHOD_MATCH = YES;
				COPY_PHASE_STRIP = NO;
				DEBUG_INFORMATION_FORMAT = "dwarf-with-dsym";
				ENABLE_NS_ASSERTIONS = NO;
				ENABLE_STRICT_OBJC_MSGSEND = YES;
				GCC_C_LANGUAGE_STANDARD = gnu11;
				GCC_NO_COMMON_BLOCKS = YES;
				GCC_WARN_64_TO_32_BIT_CONVERSION = YES;
				GCC_WARN_ABOUT_RETURN_TYPE = YES_ERROR;
				GCC_WARN_UNDECLARED_SELECTOR = YES;
				GCC_WARN_UNINITIALIZED_AUTOS = YES_AGGRESSIVE;
				GCC_WARN_UNUSED_FUNCTION = YES;
				GCC_WARN_UNUSED_VARIABLE = YES;
				IPHONEOS_DEPLOYMENT_TARGET = 16.2;
				MTL_ENABLE_DEBUG_INFO = NO;
				MTL_FAST_MATH = YES;
				SDKROOT = iphoneos;
				SWIFT_COMPILATION_MODE = wholemodule;
				SWIFT_OPTIMIZATION_LEVEL = "-O";
				VALIDATE_PRODUCT = YES;
			};
			name = Release;
		};
		C7EE4A0F2A31B6F2006B6139 /* Debug */ = {
			isa = XCBuildConfiguration;
			baseConfigurationReference = D5BF34D6263B64CB81AC58D6 /* Pods-PopularBrowser.debug.xcconfig */;
			buildSettings = {
				ALWAYS_EMBED_SWIFT_STANDARD_LIBRARIES = YES;
				ASSETCATALOG_COMPILER_APPICON_NAME = AppIcon;
				ASSETCATALOG_COMPILER_GLOBAL_ACCENT_COLOR_NAME = AccentColor;
				CLANG_ENABLE_MODULES = YES;
				CODE_SIGN_ENTITLEMENTS = PopularBrowser/PopularBrowser.entitlements;
				CODE_SIGN_IDENTITY = "Apple Development";
				CODE_SIGN_STYLE = Automatic;
				CURRENT_PROJECT_VERSION = 20240408;
				DEVELOPMENT_ASSET_PATHS = "\"PopularBrowser/Resource/Preview Content\"";
				DEVELOPMENT_TEAM = CAP32C8DTF;
				ENABLE_PREVIEWS = YES;
				FRAMEWORK_SEARCH_PATHS = (
					"$(inherited)",
					"$(PROJECT_DIR)/PopularBrowser",
					"$(PROJECT_DIR)/PopularBrowser/Resource",
				);
				GENERATE_INFOPLIST_FILE = YES;
				INFOPLIST_FILE = PopularBrowser/Info.plist;
				INFOPLIST_KEY_NSUserTrackingUsageDescription = "Please allow access to your activity tracking to provide personalized push services and reduce interference caused by irrelevant services.";
				INFOPLIST_KEY_UIApplicationSupportsIndirectInputEvents = YES;
				INFOPLIST_KEY_UILaunchScreen_Generation = YES;
				INFOPLIST_KEY_UILaunchStoryboardName = "Launch Screen.storyboard";
				INFOPLIST_KEY_UISupportedInterfaceOrientations = UIInterfaceOrientationPortrait;
				INFOPLIST_KEY_UISupportedInterfaceOrientations_iPad = "UIInterfaceOrientationLandscapeLeft UIInterfaceOrientationLandscapeRight UIInterfaceOrientationPortrait UIInterfaceOrientationPortraitUpsideDown";
				INFOPLIST_KEY_UIUserInterfaceStyle = Light;
				IPHONEOS_DEPLOYMENT_TARGET = 15.0;
				LD_RUNPATH_SEARCH_PATHS = (
					"$(inherited)",
					"@executable_path/Frameworks",
				);
				MARKETING_VERSION = 2.2.2;
				PRODUCT_BUNDLE_IDENTIFIER = com.popularSearch.browsers.fast;
				PRODUCT_NAME = "$(TARGET_NAME)";
				PROVISIONING_PROFILE_SPECIFIER = "";
				SUPPORTED_PLATFORMS = "iphoneos iphonesimulator";
				SUPPORTS_MACCATALYST = NO;
				SUPPORTS_MAC_DESIGNED_FOR_IPHONE_IPAD = YES;
				SWIFT_EMIT_LOC_STRINGS = YES;
				SWIFT_OBJC_BRIDGING_HEADER = "PopularBrowser/Util/PopularBrowser-Bridging-Header.h";
				SWIFT_OPTIMIZATION_LEVEL = "-Onone";
				SWIFT_VERSION = 5.0;
				TARGETED_DEVICE_FAMILY = 1;
			};
			name = Debug;
		};
		C7EE4A102A31B6F2006B6139 /* Release */ = {
			isa = XCBuildConfiguration;
			baseConfigurationReference = B9F10C7D42C49733FB0F3FB6 /* Pods-PopularBrowser.release.xcconfig */;
			buildSettings = {
				ALWAYS_EMBED_SWIFT_STANDARD_LIBRARIES = YES;
				ASSETCATALOG_COMPILER_APPICON_NAME = AppIcon;
				ASSETCATALOG_COMPILER_GLOBAL_ACCENT_COLOR_NAME = AccentColor;
				CLANG_ENABLE_MODULES = YES;
				CODE_SIGN_ENTITLEMENTS = PopularBrowser/PopularBrowser.entitlements;
				CODE_SIGN_IDENTITY = "Apple Development";
				CODE_SIGN_STYLE = Automatic;
				CURRENT_PROJECT_VERSION = 20240408;
				DEVELOPMENT_ASSET_PATHS = "\"PopularBrowser/Resource/Preview Content\"";
				DEVELOPMENT_TEAM = CAP32C8DTF;
				ENABLE_PREVIEWS = YES;
				FRAMEWORK_SEARCH_PATHS = (
					"$(inherited)",
					"$(PROJECT_DIR)/PopularBrowser",
					"$(PROJECT_DIR)/PopularBrowser/Resource",
				);
				GENERATE_INFOPLIST_FILE = YES;
				INFOPLIST_FILE = PopularBrowser/Info.plist;
				INFOPLIST_KEY_NSUserTrackingUsageDescription = "Please allow access to your activity tracking to provide personalized push services and reduce interference caused by irrelevant services.";
				INFOPLIST_KEY_UIApplicationSupportsIndirectInputEvents = YES;
				INFOPLIST_KEY_UILaunchScreen_Generation = YES;
				INFOPLIST_KEY_UILaunchStoryboardName = "Launch Screen.storyboard";
				INFOPLIST_KEY_UISupportedInterfaceOrientations = UIInterfaceOrientationPortrait;
				INFOPLIST_KEY_UISupportedInterfaceOrientations_iPad = "UIInterfaceOrientationLandscapeLeft UIInterfaceOrientationLandscapeRight UIInterfaceOrientationPortrait UIInterfaceOrientationPortraitUpsideDown";
				INFOPLIST_KEY_UIUserInterfaceStyle = Light;
				IPHONEOS_DEPLOYMENT_TARGET = 15.0;
				LD_RUNPATH_SEARCH_PATHS = (
					"$(inherited)",
					"@executable_path/Frameworks",
				);
				MARKETING_VERSION = 2.2.2;
				PRODUCT_BUNDLE_IDENTIFIER = com.popularSearch.browsers.fast;
				PRODUCT_NAME = "$(TARGET_NAME)";
				PROVISIONING_PROFILE_SPECIFIER = "";
				SUPPORTED_PLATFORMS = "iphoneos iphonesimulator";
				SUPPORTS_MACCATALYST = NO;
				SUPPORTS_MAC_DESIGNED_FOR_IPHONE_IPAD = YES;
				SWIFT_EMIT_LOC_STRINGS = YES;
				SWIFT_OBJC_BRIDGING_HEADER = "PopularBrowser/Util/PopularBrowser-Bridging-Header.h";
				SWIFT_VERSION = 5.0;
				TARGETED_DEVICE_FAMILY = 1;
			};
			name = Release;
		};
/* End XCBuildConfiguration section */

/* Begin XCConfigurationList section */
		BFAB7B642B9063D600BC9609 /* Build configuration list for PBXNativeTarget "Proxy" */ = {
			isa = XCConfigurationList;
			buildConfigurations = (
				BFAB7B652B9063D600BC9609 /* Debug */,
				BFAB7B662B9063D600BC9609 /* Release */,
			);
			defaultConfigurationIsVisible = 0;
			defaultConfigurationName = Release;
		};
		C7EE49FB2A31B6F1006B6139 /* Build configuration list for PBXProject "PopularBrowser" */ = {
			isa = XCConfigurationList;
			buildConfigurations = (
				C7EE4A0C2A31B6F2006B6139 /* Debug */,
				C7EE4A0D2A31B6F2006B6139 /* Release */,
			);
			defaultConfigurationIsVisible = 0;
			defaultConfigurationName = Release;
		};
		C7EE4A0E2A31B6F2006B6139 /* Build configuration list for PBXNativeTarget "PopularBrowser" */ = {
			isa = XCConfigurationList;
			buildConfigurations = (
				C7EE4A0F2A31B6F2006B6139 /* Debug */,
				C7EE4A102A31B6F2006B6139 /* Release */,
			);
			defaultConfigurationIsVisible = 0;
			defaultConfigurationName = Release;
		};
/* End XCConfigurationList section */

/* Begin XCRemoteSwiftPackageReference section */
		3608C38C2B9EDA3500A9600C /* XCRemoteSwiftPackageReference "Alamofire" */ = {
			isa = XCRemoteSwiftPackageReference;
			repositoryURL = "https://github.com/Alamofire/Alamofire.git";
			requirement = {
				kind = upToNextMajorVersion;
				minimumVersion = 5.0.0;
			};
		};
		368EF7B32B91D3C800E48E63 /* XCRemoteSwiftPackageReference "Reachability" */ = {
			isa = XCRemoteSwiftPackageReference;
			repositoryURL = "https://github.com/ashleymills/Reachability.swift";
			requirement = {
				branch = master;
				kind = branch;
			};
		};
		36A08B992B98635A00F394F4 /* XCRemoteSwiftPackageReference "ios_sdk" */ = {
			isa = XCRemoteSwiftPackageReference;
			repositoryURL = "https://github.com/adjust/ios_sdk.git";
			requirement = {
				branch = master;
				kind = branch;
			};
		};
		36A08BA42B986A0700F394F4 /* XCRemoteSwiftPackageReference "SnapKit" */ = {
			isa = XCRemoteSwiftPackageReference;
			repositoryURL = "https://github.com/SnapKit/SnapKit.git";
			requirement = {
				kind = upToNextMajorVersion;
				minimumVersion = 5.0.0;
			};
		};
		C703CA512A398E1500D95613 /* XCRemoteSwiftPackageReference "GoogleMobileAds" */ = {
			isa = XCRemoteSwiftPackageReference;
			repositoryURL = "https://github.com/quanghits/GoogleMobileAds";
			requirement = {
				branch = main;
				kind = branch;
			};
		};
		C70E8EDE2A3332960029C91C /* XCRemoteSwiftPackageReference "firebase-ios-sdk" */ = {
			isa = XCRemoteSwiftPackageReference;
			repositoryURL = "https://github.com/firebase/firebase-ios-sdk";
			requirement = {
				kind = upToNextMajorVersion;
				minimumVersion = 9.0.0;
			};
		};
		C77684E82A31F563004554E1 /* XCRemoteSwiftPackageReference "SheetKit" */ = {
			isa = XCRemoteSwiftPackageReference;
			repositoryURL = "https://github.com/fatbobman/SheetKit";
			requirement = {
				branch = main;
				kind = branch;
			};
		};
/* End XCRemoteSwiftPackageReference section */

/* Begin XCSwiftPackageProductDependency section */
		3608C38D2B9EDA3500A9600C /* Alamofire */ = {
			isa = XCSwiftPackageProductDependency;
			package = 3608C38C2B9EDA3500A9600C /* XCRemoteSwiftPackageReference "Alamofire" */;
			productName = Alamofire;
		};
		368EF7B42B91D3C800E48E63 /* Reachability */ = {
			isa = XCSwiftPackageProductDependency;
			package = 368EF7B32B91D3C800E48E63 /* XCRemoteSwiftPackageReference "Reachability" */;
			productName = Reachability;
		};
		36A08B9A2B98635A00F394F4 /* Adjust */ = {
			isa = XCSwiftPackageProductDependency;
			package = 36A08B992B98635A00F394F4 /* XCRemoteSwiftPackageReference "ios_sdk" */;
			productName = Adjust;
		};
		36A08B9C2B98635A00F394F4 /* Criteo */ = {
			isa = XCSwiftPackageProductDependency;
			package = 36A08B992B98635A00F394F4 /* XCRemoteSwiftPackageReference "ios_sdk" */;
			productName = Criteo;
		};
		36A08B9E2B98635A00F394F4 /* Sociomantic */ = {
			isa = XCSwiftPackageProductDependency;
			package = 36A08B992B98635A00F394F4 /* XCRemoteSwiftPackageReference "ios_sdk" */;
			productName = Sociomantic;
		};
		36A08BA02B98635A00F394F4 /* Trademob */ = {
			isa = XCSwiftPackageProductDependency;
			package = 36A08B992B98635A00F394F4 /* XCRemoteSwiftPackageReference "ios_sdk" */;
			productName = Trademob;
		};
		36A08BA22B98635B00F394F4 /* WebBridge */ = {
			isa = XCSwiftPackageProductDependency;
			package = 36A08B992B98635A00F394F4 /* XCRemoteSwiftPackageReference "ios_sdk" */;
			productName = WebBridge;
		};
		36A08BA52B986A0700F394F4 /* SnapKit */ = {
			isa = XCSwiftPackageProductDependency;
			package = 36A08BA42B986A0700F394F4 /* XCRemoteSwiftPackageReference "SnapKit" */;
			productName = SnapKit;
		};
		C703CA522A398E1500D95613 /* GoogleMobileAds */ = {
			isa = XCSwiftPackageProductDependency;
			package = C703CA512A398E1500D95613 /* XCRemoteSwiftPackageReference "GoogleMobileAds" */;
			productName = GoogleMobileAds;
		};
		C70E8EDF2A3332970029C91C /* FirebaseAnalytics */ = {
			isa = XCSwiftPackageProductDependency;
			package = C70E8EDE2A3332960029C91C /* XCRemoteSwiftPackageReference "firebase-ios-sdk" */;
			productName = FirebaseAnalytics;
		};
		C70E8EE12A3332970029C91C /* FirebaseCrashlytics */ = {
			isa = XCSwiftPackageProductDependency;
			package = C70E8EDE2A3332960029C91C /* XCRemoteSwiftPackageReference "firebase-ios-sdk" */;
			productName = FirebaseCrashlytics;
		};
		C70E8EE32A3332970029C91C /* FirebaseRemoteConfig */ = {
			isa = XCSwiftPackageProductDependency;
			package = C70E8EDE2A3332960029C91C /* XCRemoteSwiftPackageReference "firebase-ios-sdk" */;
			productName = FirebaseRemoteConfig;
		};
		C77684E92A31F563004554E1 /* SheetKit */ = {
			isa = XCSwiftPackageProductDependency;
			package = C77684E82A31F563004554E1 /* XCRemoteSwiftPackageReference "SheetKit" */;
			productName = SheetKit;
		};
/* End XCSwiftPackageProductDependency section */
	};
	rootObject = C7EE49F82A31B6F1006B6139 /* Project object */;
}
