// !$*UTF8*$!
{
	archiveVersion = 1;
	classes = {
	};
	objectVersion = 56;
	objects = {

/* Begin PBXBuildFile section */
		C703CA532A398E1500D95613 /* GoogleMobileAds in Frameworks */ = {isa = PBXBuildFile; productRef = C703CA522A398E1500D95613 /* GoogleMobileAds */; };
		C703CA552A398E6100D95613 /* GADUtil.swift in Sources */ = {isa = PBXBuildFile; fileRef = C703CA542A398E6100D95613 /* GADUtil.swift */; };
		C703CA572A39912700D95613 /* GADCommand.swift in Sources */ = {isa = PBXBuildFile; fileRef = C703CA562A39912700D95613 /* GADCommand.swift */; };
		C703CA592A39922B00D95613 /* NativeADView.swift in Sources */ = {isa = PBXBuildFile; fileRef = C703CA582A39922B00D95613 /* NativeADView.swift */; };
		C703CA5B2A3996F600D95613 /* admob.json in Resources */ = {isa = PBXBuildFile; fileRef = C703CA5A2A3996F500D95613 /* admob.json */; };
		C70E8ED42A331A3F0029C91C /* ShareView.swift in Sources */ = {isa = PBXBuildFile; fileRef = C70E8ED32A331A3F0029C91C /* ShareView.swift */; };
		C70E8ED62A3323E60029C91C /* CleanPopView.swift in Sources */ = {isa = PBXBuildFile; fileRef = C70E8ED52A3323E60029C91C /* CleanPopView.swift */; };
		C70E8ED82A3323EC0029C91C /* CleanView.swift in Sources */ = {isa = PBXBuildFile; fileRef = C70E8ED72A3323EC0029C91C /* CleanView.swift */; };
		C70E8EDA2A332E3C0029C91C /* FirebaseUtil.swift in Sources */ = {isa = PBXBuildFile; fileRef = C70E8ED92A332E3C0029C91C /* FirebaseUtil.swift */; };
		C70E8EDD2A33322D0029C91C /* IQKeyboardManagerSwift in Frameworks */ = {isa = PBXBuildFile; productRef = C70E8EDC2A33322D0029C91C /* IQKeyboardManagerSwift */; };
		C70E8EE02A3332970029C91C /* FirebaseAnalytics in Frameworks */ = {isa = PBXBuildFile; productRef = C70E8EDF2A3332970029C91C /* FirebaseAnalytics */; };
		C70E8EE22A3332970029C91C /* FirebaseCrashlytics in Frameworks */ = {isa = PBXBuildFile; productRef = C70E8EE12A3332970029C91C /* FirebaseCrashlytics */; };
		C70E8EE42A3332970029C91C /* FirebaseRemoteConfig in Frameworks */ = {isa = PBXBuildFile; productRef = C70E8EE32A3332970029C91C /* FirebaseRemoteConfig */; };
		C70E8EE72A3332CA0029C91C /* FacebookAEM in Frameworks */ = {isa = PBXBuildFile; productRef = C70E8EE62A3332CA0029C91C /* FacebookAEM */; };
		C70E8EE92A3332CA0029C91C /* FacebookBasics in Frameworks */ = {isa = PBXBuildFile; productRef = C70E8EE82A3332CA0029C91C /* FacebookBasics */; };
		C70E8EEB2A3332CA0029C91C /* FacebookCore in Frameworks */ = {isa = PBXBuildFile; productRef = C70E8EEA2A3332CA0029C91C /* FacebookCore */; };
		C77684E52A31EFE7004554E1 /* BrowserUtil.swift in Sources */ = {isa = PBXBuildFile; fileRef = C77684E42A31EFE7004554E1 /* BrowserUtil.swift */; };
		C77684E72A31F2CB004554E1 /* WebView.swift in Sources */ = {isa = PBXBuildFile; fileRef = C77684E62A31F2CB004554E1 /* WebView.swift */; };
		C77684EA2A31F563004554E1 /* SheetKit in Frameworks */ = {isa = PBXBuildFile; productRef = C77684E92A31F563004554E1 /* SheetKit */; };
		C77684EC2A32F616004554E1 /* TableView.swift in Sources */ = {isa = PBXBuildFile; fileRef = C77684EB2A32F616004554E1 /* TableView.swift */; };
		C77684EE2A33077B004554E1 /* SettingView.swift in Sources */ = {isa = PBXBuildFile; fileRef = C77684ED2A33077B004554E1 /* SettingView.swift */; };
		C77684F02A3312E5004554E1 /* PrivacyView.swift in Sources */ = {isa = PBXBuildFile; fileRef = C77684EF2A3312E5004554E1 /* PrivacyView.swift */; };
		C77684F22A3312EB004554E1 /* TermsView.swift in Sources */ = {isa = PBXBuildFile; fileRef = C77684F12A3312EB004554E1 /* TermsView.swift */; };
		C7AA9BDC2A56F50700EB3CF8 /* GoogleService-Info.plist in Resources */ = {isa = PBXBuildFile; fileRef = C7AA9BDB2A56F50700EB3CF8 /* GoogleService-Info.plist */; };
		C7EE4A042A31B6F1006B6139 /* PopularBrowserApp.swift in Sources */ = {isa = PBXBuildFile; fileRef = C7EE4A032A31B6F1006B6139 /* PopularBrowserApp.swift */; };
		C7EE4A062A31B6F1006B6139 /* ContentView.swift in Sources */ = {isa = PBXBuildFile; fileRef = C7EE4A052A31B6F1006B6139 /* ContentView.swift */; };
		C7EE4A082A31B6F2006B6139 /* Assets.xcassets in Resources */ = {isa = PBXBuildFile; fileRef = C7EE4A072A31B6F2006B6139 /* Assets.xcassets */; };
		C7EE4A0B2A31B6F2006B6139 /* Preview Assets.xcassets in Resources */ = {isa = PBXBuildFile; fileRef = C7EE4A0A2A31B6F2006B6139 /* Preview Assets.xcassets */; };
		C7EE4A122A31BEE0006B6139 /* AppStore.swift in Sources */ = {isa = PBXBuildFile; fileRef = C7EE4A112A31BEE0006B6139 /* AppStore.swift */; };
		C7EE4A142A31BEEA006B6139 /* AppState.swift in Sources */ = {isa = PBXBuildFile; fileRef = C7EE4A132A31BEEA006B6139 /* AppState.swift */; };
		C7EE4A162A31BEF8006B6139 /* AppAction.swift in Sources */ = {isa = PBXBuildFile; fileRef = C7EE4A152A31BEF8006B6139 /* AppAction.swift */; };
		C7EE4A182A31C0BE006B6139 /* AppCommand.swift in Sources */ = {isa = PBXBuildFile; fileRef = C7EE4A172A31C0BE006B6139 /* AppCommand.swift */; };
		C7EE4A1A2A31C271006B6139 /* LaunchingView.swift in Sources */ = {isa = PBXBuildFile; fileRef = C7EE4A192A31C271006B6139 /* LaunchingView.swift */; };
		C7EE4A1C2A31C279006B6139 /* LaunchedView.swift in Sources */ = {isa = PBXBuildFile; fileRef = C7EE4A1B2A31C279006B6139 /* LaunchedView.swift */; };
		C7EE4A1E2A31C6A2006B6139 /* Launch Screen.storyboard in Resources */ = {isa = PBXBuildFile; fileRef = C7EE4A1D2A31C6A1006B6139 /* Launch Screen.storyboard */; };
/* End PBXBuildFile section */

/* Begin PBXFileReference section */
		C703CA542A398E6100D95613 /* GADUtil.swift */ = {isa = PBXFileReference; lastKnownFileType = sourcecode.swift; path = GADUtil.swift; sourceTree = "<group>"; };
		C703CA562A39912700D95613 /* GADCommand.swift */ = {isa = PBXFileReference; lastKnownFileType = sourcecode.swift; path = GADCommand.swift; sourceTree = "<group>"; };
		C703CA582A39922B00D95613 /* NativeADView.swift */ = {isa = PBXFileReference; lastKnownFileType = sourcecode.swift; path = NativeADView.swift; sourceTree = "<group>"; };
		C703CA5A2A3996F500D95613 /* admob.json */ = {isa = PBXFileReference; fileEncoding = 4; lastKnownFileType = text.json; path = admob.json; sourceTree = "<group>"; };
		C70E8ED32A331A3F0029C91C /* ShareView.swift */ = {isa = PBXFileReference; lastKnownFileType = sourcecode.swift; path = ShareView.swift; sourceTree = "<group>"; };
		C70E8ED52A3323E60029C91C /* CleanPopView.swift */ = {isa = PBXFileReference; lastKnownFileType = sourcecode.swift; path = CleanPopView.swift; sourceTree = "<group>"; };
		C70E8ED72A3323EC0029C91C /* CleanView.swift */ = {isa = PBXFileReference; lastKnownFileType = sourcecode.swift; path = CleanView.swift; sourceTree = "<group>"; };
		C70E8ED92A332E3C0029C91C /* FirebaseUtil.swift */ = {isa = PBXFileReference; lastKnownFileType = sourcecode.swift; path = FirebaseUtil.swift; sourceTree = "<group>"; };
		C77684E42A31EFE7004554E1 /* BrowserUtil.swift */ = {isa = PBXFileReference; lastKnownFileType = sourcecode.swift; path = BrowserUtil.swift; sourceTree = "<group>"; };
		C77684E62A31F2CB004554E1 /* WebView.swift */ = {isa = PBXFileReference; lastKnownFileType = sourcecode.swift; path = WebView.swift; sourceTree = "<group>"; };
		C77684EB2A32F616004554E1 /* TableView.swift */ = {isa = PBXFileReference; lastKnownFileType = sourcecode.swift; path = TableView.swift; sourceTree = "<group>"; };
		C77684ED2A33077B004554E1 /* SettingView.swift */ = {isa = PBXFileReference; lastKnownFileType = sourcecode.swift; path = SettingView.swift; sourceTree = "<group>"; };
		C77684EF2A3312E5004554E1 /* PrivacyView.swift */ = {isa = PBXFileReference; lastKnownFileType = sourcecode.swift; path = PrivacyView.swift; sourceTree = "<group>"; };
		C77684F12A3312EB004554E1 /* TermsView.swift */ = {isa = PBXFileReference; lastKnownFileType = sourcecode.swift; path = TermsView.swift; sourceTree = "<group>"; };
		C7AA9BDB2A56F50700EB3CF8 /* GoogleService-Info.plist */ = {isa = PBXFileReference; fileEncoding = 4; lastKnownFileType = text.plist.xml; path = "GoogleService-Info.plist"; sourceTree = "<group>"; };
		C7D6908F2A36C6EE0070CC52 /* Info.plist */ = {isa = PBXFileReference; lastKnownFileType = text.plist; path = Info.plist; sourceTree = "<group>"; };
		C7EE4A002A31B6F1006B6139 /* PopularBrowser.app */ = {isa = PBXFileReference; explicitFileType = wrapper.application; includeInIndex = 0; path = PopularBrowser.app; sourceTree = BUILT_PRODUCTS_DIR; };
		C7EE4A032A31B6F1006B6139 /* PopularBrowserApp.swift */ = {isa = PBXFileReference; lastKnownFileType = sourcecode.swift; path = PopularBrowserApp.swift; sourceTree = "<group>"; };
		C7EE4A052A31B6F1006B6139 /* ContentView.swift */ = {isa = PBXFileReference; lastKnownFileType = sourcecode.swift; path = ContentView.swift; sourceTree = "<group>"; };
		C7EE4A072A31B6F2006B6139 /* Assets.xcassets */ = {isa = PBXFileReference; lastKnownFileType = folder.assetcatalog; path = Assets.xcassets; sourceTree = "<group>"; };
		C7EE4A0A2A31B6F2006B6139 /* Preview Assets.xcassets */ = {isa = PBXFileReference; lastKnownFileType = folder.assetcatalog; path = "Preview Assets.xcassets"; sourceTree = "<group>"; };
		C7EE4A112A31BEE0006B6139 /* AppStore.swift */ = {isa = PBXFileReference; lastKnownFileType = sourcecode.swift; path = AppStore.swift; sourceTree = "<group>"; };
		C7EE4A132A31BEEA006B6139 /* AppState.swift */ = {isa = PBXFileReference; lastKnownFileType = sourcecode.swift; path = AppState.swift; sourceTree = "<group>"; };
		C7EE4A152A31BEF8006B6139 /* AppAction.swift */ = {isa = PBXFileReference; lastKnownFileType = sourcecode.swift; path = AppAction.swift; sourceTree = "<group>"; };
		C7EE4A172A31C0BE006B6139 /* AppCommand.swift */ = {isa = PBXFileReference; lastKnownFileType = sourcecode.swift; path = AppCommand.swift; sourceTree = "<group>"; };
		C7EE4A192A31C271006B6139 /* LaunchingView.swift */ = {isa = PBXFileReference; lastKnownFileType = sourcecode.swift; path = LaunchingView.swift; sourceTree = "<group>"; };
		C7EE4A1B2A31C279006B6139 /* LaunchedView.swift */ = {isa = PBXFileReference; lastKnownFileType = sourcecode.swift; path = LaunchedView.swift; sourceTree = "<group>"; };
		C7EE4A1D2A31C6A1006B6139 /* Launch Screen.storyboard */ = {isa = PBXFileReference; lastKnownFileType = file.storyboard; path = "Launch Screen.storyboard"; sourceTree = "<group>"; };
/* End PBXFileReference section */

/* Begin PBXFrameworksBuildPhase section */
		C7EE49FD2A31B6F1006B6139 /* Frameworks */ = {
			isa = PBXFrameworksBuildPhase;
			buildActionMask = 2147483647;
			files = (
				C70E8EE92A3332CA0029C91C /* FacebookBasics in Frameworks */,
				C70E8EE72A3332CA0029C91C /* FacebookAEM in Frameworks */,
				C77684EA2A31F563004554E1 /* SheetKit in Frameworks */,
				C703CA532A398E1500D95613 /* GoogleMobileAds in Frameworks */,
				C70E8EE22A3332970029C91C /* FirebaseCrashlytics in Frameworks */,
				C70E8EDD2A33322D0029C91C /* IQKeyboardManagerSwift in Frameworks */,
				C70E8EE02A3332970029C91C /* FirebaseAnalytics in Frameworks */,
				C70E8EE42A3332970029C91C /* FirebaseRemoteConfig in Frameworks */,
				C70E8EEB2A3332CA0029C91C /* FacebookCore in Frameworks */,
			);
			runOnlyForDeploymentPostprocessing = 0;
		};
/* End PBXFrameworksBuildPhase section */

/* Begin PBXGroup section */
		C7EE49F72A31B6F1006B6139 = {
			isa = PBXGroup;
			children = (
				C7EE4A022A31B6F1006B6139 /* PopularBrowser */,
				C7EE4A012A31B6F1006B6139 /* Products */,
			);
			sourceTree = "<group>";
		};
		C7EE4A012A31B6F1006B6139 /* Products */ = {
			isa = PBXGroup;
			children = (
				C7EE4A002A31B6F1006B6139 /* PopularBrowser.app */,
			);
			name = Products;
			sourceTree = "<group>";
		};
		C7EE4A022A31B6F1006B6139 /* PopularBrowser */ = {
			isa = PBXGroup;
			children = (
				C703CA5A2A3996F500D95613 /* admob.json */,
				C7AA9BDB2A56F50700EB3CF8 /* GoogleService-Info.plist */,
				C7D6908F2A36C6EE0070CC52 /* Info.plist */,
				C77684E42A31EFE7004554E1 /* BrowserUtil.swift */,
				C70E8ED92A332E3C0029C91C /* FirebaseUtil.swift */,
				C703CA542A398E6100D95613 /* GADUtil.swift */,
				C7EE4A112A31BEE0006B6139 /* AppStore.swift */,
				C7EE4A132A31BEEA006B6139 /* AppState.swift */,
				C7EE4A152A31BEF8006B6139 /* AppAction.swift */,
				C7EE4A172A31C0BE006B6139 /* AppCommand.swift */,
				C703CA562A39912700D95613 /* GADCommand.swift */,
				C7EE4A032A31B6F1006B6139 /* PopularBrowserApp.swift */,
				C7EE4A052A31B6F1006B6139 /* ContentView.swift */,
				C7EE4A192A31C271006B6139 /* LaunchingView.swift */,
				C7EE4A1B2A31C279006B6139 /* LaunchedView.swift */,
				C70E8ED52A3323E60029C91C /* CleanPopView.swift */,
				C70E8ED72A3323EC0029C91C /* CleanView.swift */,
				C77684EB2A32F616004554E1 /* TableView.swift */,
				C77684ED2A33077B004554E1 /* SettingView.swift */,
				C70E8ED32A331A3F0029C91C /* ShareView.swift */,
				C77684EF2A3312E5004554E1 /* PrivacyView.swift */,
				C77684F12A3312EB004554E1 /* TermsView.swift */,
				C77684E62A31F2CB004554E1 /* WebView.swift */,
				C703CA582A39922B00D95613 /* NativeADView.swift */,
				C7EE4A1D2A31C6A1006B6139 /* Launch Screen.storyboard */,
				C7EE4A072A31B6F2006B6139 /* Assets.xcassets */,
				C7EE4A092A31B6F2006B6139 /* Preview Content */,
			);
			path = PopularBrowser;
			sourceTree = "<group>";
		};
		C7EE4A092A31B6F2006B6139 /* Preview Content */ = {
			isa = PBXGroup;
			children = (
				C7EE4A0A2A31B6F2006B6139 /* Preview Assets.xcassets */,
			);
			path = "Preview Content";
			sourceTree = "<group>";
		};
/* End PBXGroup section */

/* Begin PBXNativeTarget section */
		C7EE49FF2A31B6F1006B6139 /* PopularBrowser */ = {
			isa = PBXNativeTarget;
			buildConfigurationList = C7EE4A0E2A31B6F2006B6139 /* Build configuration list for PBXNativeTarget "PopularBrowser" */;
			buildPhases = (
				C7EE49FC2A31B6F1006B6139 /* Sources */,
				C7EE49FD2A31B6F1006B6139 /* Frameworks */,
				C7EE49FE2A31B6F1006B6139 /* Resources */,
			);
			buildRules = (
			);
			dependencies = (
			);
			name = PopularBrowser;
			packageProductDependencies = (
				C77684E92A31F563004554E1 /* SheetKit */,
				C70E8EDC2A33322D0029C91C /* IQKeyboardManagerSwift */,
				C70E8EDF2A3332970029C91C /* FirebaseAnalytics */,
				C70E8EE12A3332970029C91C /* FirebaseCrashlytics */,
				C70E8EE32A3332970029C91C /* FirebaseRemoteConfig */,
				C70E8EE62A3332CA0029C91C /* FacebookAEM */,
				C70E8EE82A3332CA0029C91C /* FacebookBasics */,
				C70E8EEA2A3332CA0029C91C /* FacebookCore */,
				C703CA522A398E1500D95613 /* GoogleMobileAds */,
			);
			productName = PopularBrowser;
			productReference = C7EE4A002A31B6F1006B6139 /* PopularBrowser.app */;
			productType = "com.apple.product-type.application";
		};
/* End PBXNativeTarget section */

/* Begin PBXProject section */
		C7EE49F82A31B6F1006B6139 /* Project object */ = {
			isa = PBXProject;
			attributes = {
				BuildIndependentTargetsInParallel = 1;
				LastSwiftUpdateCheck = 1420;
				LastUpgradeCheck = 1420;
				TargetAttributes = {
					C7EE49FF2A31B6F1006B6139 = {
						CreatedOnToolsVersion = 14.2;
					};
				};
			};
			buildConfigurationList = C7EE49FB2A31B6F1006B6139 /* Build configuration list for PBXProject "PopularBrowser" */;
			compatibilityVersion = "Xcode 14.0";
			developmentRegion = en;
			hasScannedForEncodings = 0;
			knownRegions = (
				en,
				Base,
			);
			mainGroup = C7EE49F72A31B6F1006B6139;
			packageReferences = (
				C77684E82A31F563004554E1 /* XCRemoteSwiftPackageReference "SheetKit" */,
				C70E8EDB2A33322D0029C91C /* XCRemoteSwiftPackageReference "IQKeyboardManager" */,
				C70E8EDE2A3332960029C91C /* XCRemoteSwiftPackageReference "firebase-ios-sdk" */,
				C70E8EE52A3332CA0029C91C /* XCRemoteSwiftPackageReference "facebook-ios-sdk" */,
				C703CA512A398E1500D95613 /* XCRemoteSwiftPackageReference "GoogleMobileAds" */,
			);
			productRefGroup = C7EE4A012A31B6F1006B6139 /* Products */;
			projectDirPath = "";
			projectRoot = "";
			targets = (
				C7EE49FF2A31B6F1006B6139 /* PopularBrowser */,
			);
		};
/* End PBXProject section */

/* Begin PBXResourcesBuildPhase section */
		C7EE49FE2A31B6F1006B6139 /* Resources */ = {
			isa = PBXResourcesBuildPhase;
			buildActionMask = 2147483647;
			files = (
				C703CA5B2A3996F600D95613 /* admob.json in Resources */,
				C7EE4A1E2A31C6A2006B6139 /* Launch Screen.storyboard in Resources */,
				C7AA9BDC2A56F50700EB3CF8 /* GoogleService-Info.plist in Resources */,
				C7EE4A0B2A31B6F2006B6139 /* Preview Assets.xcassets in Resources */,
				C7EE4A082A31B6F2006B6139 /* Assets.xcassets in Resources */,
			);
			runOnlyForDeploymentPostprocessing = 0;
		};
/* End PBXResourcesBuildPhase section */

/* Begin PBXSourcesBuildPhase section */
		C7EE49FC2A31B6F1006B6139 /* Sources */ = {
			isa = PBXSourcesBuildPhase;
			buildActionMask = 2147483647;
			files = (
				C70E8ED42A331A3F0029C91C /* ShareView.swift in Sources */,
				C77684EC2A32F616004554E1 /* TableView.swift in Sources */,
				C77684F02A3312E5004554E1 /* PrivacyView.swift in Sources */,
				C7EE4A122A31BEE0006B6139 /* AppStore.swift in Sources */,
				C70E8ED82A3323EC0029C91C /* CleanView.swift in Sources */,
				C77684E72A31F2CB004554E1 /* WebView.swift in Sources */,
				C703CA572A39912700D95613 /* GADCommand.swift in Sources */,
				C7EE4A182A31C0BE006B6139 /* AppCommand.swift in Sources */,
				C7EE4A062A31B6F1006B6139 /* ContentView.swift in Sources */,
				C77684F22A3312EB004554E1 /* TermsView.swift in Sources */,
				C7EE4A162A31BEF8006B6139 /* AppAction.swift in Sources */,
				C70E8EDA2A332E3C0029C91C /* FirebaseUtil.swift in Sources */,
				C7EE4A1C2A31C279006B6139 /* LaunchedView.swift in Sources */,
				C70E8ED62A3323E60029C91C /* CleanPopView.swift in Sources */,
				C703CA552A398E6100D95613 /* GADUtil.swift in Sources */,
				C7EE4A042A31B6F1006B6139 /* PopularBrowserApp.swift in Sources */,
				C7EE4A1A2A31C271006B6139 /* LaunchingView.swift in Sources */,
				C77684EE2A33077B004554E1 /* SettingView.swift in Sources */,
				C703CA592A39922B00D95613 /* NativeADView.swift in Sources */,
				C7EE4A142A31BEEA006B6139 /* AppState.swift in Sources */,
				C77684E52A31EFE7004554E1 /* BrowserUtil.swift in Sources */,
			);
			runOnlyForDeploymentPostprocessing = 0;
		};
/* End PBXSourcesBuildPhase section */

/* Begin XCBuildConfiguration section */
		C7EE4A0C2A31B6F2006B6139 /* Debug */ = {
			isa = XCBuildConfiguration;
			buildSettings = {
				ALWAYS_SEARCH_USER_PATHS = NO;
				CLANG_ANALYZER_NONNULL = YES;
				CLANG_ANALYZER_NUMBER_OBJECT_CONVERSION = YES_AGGRESSIVE;
				CLANG_CXX_LANGUAGE_STANDARD = "gnu++20";
				CLANG_ENABLE_MODULES = YES;
				CLANG_ENABLE_OBJC_ARC = YES;
				CLANG_ENABLE_OBJC_WEAK = YES;
				CLANG_WARN_BLOCK_CAPTURE_AUTORELEASING = YES;
				CLANG_WARN_BOOL_CONVERSION = YES;
				CLANG_WARN_COMMA = YES;
				CLANG_WARN_CONSTANT_CONVERSION = YES;
				CLANG_WARN_DEPRECATED_OBJC_IMPLEMENTATIONS = YES;
				CLANG_WARN_DIRECT_OBJC_ISA_USAGE = YES_ERROR;
				CLANG_WARN_DOCUMENTATION_COMMENTS = YES;
				CLANG_WARN_EMPTY_BODY = YES;
				CLANG_WARN_ENUM_CONVERSION = YES;
				CLANG_WARN_INFINITE_RECURSION = YES;
				CLANG_WARN_INT_CONVERSION = YES;
				CLANG_WARN_NON_LITERAL_NULL_CONVERSION = YES;
				CLANG_WARN_OBJC_IMPLICIT_RETAIN_SELF = YES;
				CLANG_WARN_OBJC_LITERAL_CONVERSION = YES;
				CLANG_WARN_OBJC_ROOT_CLASS = YES_ERROR;
				CLANG_WARN_QUOTED_INCLUDE_IN_FRAMEWORK_HEADER = YES;
				CLANG_WARN_RANGE_LOOP_ANALYSIS = YES;
				CLANG_WARN_STRICT_PROTOTYPES = YES;
				CLANG_WARN_SUSPICIOUS_MOVE = YES;
				CLANG_WARN_UNGUARDED_AVAILABILITY = YES_AGGRESSIVE;
				CLANG_WARN_UNREACHABLE_CODE = YES;
				CLANG_WARN__DUPLICATE_METHOD_MATCH = YES;
				COPY_PHASE_STRIP = NO;
				DEBUG_INFORMATION_FORMAT = dwarf;
				ENABLE_STRICT_OBJC_MSGSEND = YES;
				ENABLE_TESTABILITY = YES;
				GCC_C_LANGUAGE_STANDARD = gnu11;
				GCC_DYNAMIC_NO_PIC = NO;
				GCC_NO_COMMON_BLOCKS = YES;
				GCC_OPTIMIZATION_LEVEL = 0;
				GCC_PREPROCESSOR_DEFINITIONS = (
					"DEBUG=1",
					"$(inherited)",
				);
				GCC_WARN_64_TO_32_BIT_CONVERSION = YES;
				GCC_WARN_ABOUT_RETURN_TYPE = YES_ERROR;
				GCC_WARN_UNDECLARED_SELECTOR = YES;
				GCC_WARN_UNINITIALIZED_AUTOS = YES_AGGRESSIVE;
				GCC_WARN_UNUSED_FUNCTION = YES;
				GCC_WARN_UNUSED_VARIABLE = YES;
				IPHONEOS_DEPLOYMENT_TARGET = 16.2;
				MTL_ENABLE_DEBUG_INFO = INCLUDE_SOURCE;
				MTL_FAST_MATH = YES;
				ONLY_ACTIVE_ARCH = YES;
				SDKROOT = iphoneos;
				SWIFT_ACTIVE_COMPILATION_CONDITIONS = DEBUG;
				SWIFT_OPTIMIZATION_LEVEL = "-Onone";
			};
			name = Debug;
		};
		C7EE4A0D2A31B6F2006B6139 /* Release */ = {
			isa = XCBuildConfiguration;
			buildSettings = {
				ALWAYS_SEARCH_USER_PATHS = NO;
				CLANG_ANALYZER_NONNULL = YES;
				CLANG_ANALYZER_NUMBER_OBJECT_CONVERSION = YES_AGGRESSIVE;
				CLANG_CXX_LANGUAGE_STANDARD = "gnu++20";
				CLANG_ENABLE_MODULES = YES;
				CLANG_ENABLE_OBJC_ARC = YES;
				CLANG_ENABLE_OBJC_WEAK = YES;
				CLANG_WARN_BLOCK_CAPTURE_AUTORELEASING = YES;
				CLANG_WARN_BOOL_CONVERSION = YES;
				CLANG_WARN_COMMA = YES;
				CLANG_WARN_CONSTANT_CONVERSION = YES;
				CLANG_WARN_DEPRECATED_OBJC_IMPLEMENTATIONS = YES;
				CLANG_WARN_DIRECT_OBJC_ISA_USAGE = YES_ERROR;
				CLANG_WARN_DOCUMENTATION_COMMENTS = YES;
				CLANG_WARN_EMPTY_BODY = YES;
				CLANG_WARN_ENUM_CONVERSION = YES;
				CLANG_WARN_INFINITE_RECURSION = YES;
				CLANG_WARN_INT_CONVERSION = YES;
				CLANG_WARN_NON_LITERAL_NULL_CONVERSION = YES;
				CLANG_WARN_OBJC_IMPLICIT_RETAIN_SELF = YES;
				CLANG_WARN_OBJC_LITERAL_CONVERSION = YES;
				CLANG_WARN_OBJC_ROOT_CLASS = YES_ERROR;
				CLANG_WARN_QUOTED_INCLUDE_IN_FRAMEWORK_HEADER = YES;
				CLANG_WARN_RANGE_LOOP_ANALYSIS = YES;
				CLANG_WARN_STRICT_PROTOTYPES = YES;
				CLANG_WARN_SUSPICIOUS_MOVE = YES;
				CLANG_WARN_UNGUARDED_AVAILABILITY = YES_AGGRESSIVE;
				CLANG_WARN_UNREACHABLE_CODE = YES;
				CLANG_WARN__DUPLICATE_METHOD_MATCH = YES;
				COPY_PHASE_STRIP = NO;
				DEBUG_INFORMATION_FORMAT = "dwarf-with-dsym";
				ENABLE_NS_ASSERTIONS = NO;
				ENABLE_STRICT_OBJC_MSGSEND = YES;
				GCC_C_LANGUAGE_STANDARD = gnu11;
				GCC_NO_COMMON_BLOCKS = YES;
				GCC_WARN_64_TO_32_BIT_CONVERSION = YES;
				GCC_WARN_ABOUT_RETURN_TYPE = YES_ERROR;
				GCC_WARN_UNDECLARED_SELECTOR = YES;
				GCC_WARN_UNINITIALIZED_AUTOS = YES_AGGRESSIVE;
				GCC_WARN_UNUSED_FUNCTION = YES;
				GCC_WARN_UNUSED_VARIABLE = YES;
				IPHONEOS_DEPLOYMENT_TARGET = 16.2;
				MTL_ENABLE_DEBUG_INFO = NO;
				MTL_FAST_MATH = YES;
				SDKROOT = iphoneos;
				SWIFT_COMPILATION_MODE = wholemodule;
				SWIFT_OPTIMIZATION_LEVEL = "-O";
				VALIDATE_PRODUCT = YES;
			};
			name = Release;
		};
		C7EE4A0F2A31B6F2006B6139 /* Debug */ = {
			isa = XCBuildConfiguration;
			buildSettings = {
				ASSETCATALOG_COMPILER_APPICON_NAME = AppIcon;
				ASSETCATALOG_COMPILER_GLOBAL_ACCENT_COLOR_NAME = AccentColor;
				CODE_SIGN_IDENTITY = "Apple Development";
				CODE_SIGN_STYLE = Manual;
				CURRENT_PROJECT_VERSION = 20230706;
				DEVELOPMENT_ASSET_PATHS = "\"PopularBrowser/Preview Content\"";
				DEVELOPMENT_TEAM = "";
				ENABLE_PREVIEWS = YES;
				GENERATE_INFOPLIST_FILE = YES;
				INFOPLIST_FILE = PopularBrowser/Info.plist;
				INFOPLIST_KEY_NSUserTrackingUsageDescription = "Please allow access to your activity tracking to provide personalized push services and reduce interference caused by irrelevant services.";
				INFOPLIST_KEY_UIApplicationSceneManifest_Generation = YES;
				INFOPLIST_KEY_UIApplicationSupportsIndirectInputEvents = YES;
				INFOPLIST_KEY_UILaunchScreen_Generation = YES;
				INFOPLIST_KEY_UILaunchStoryboardName = "Launch Screen.storyboard";
				INFOPLIST_KEY_UISupportedInterfaceOrientations = UIInterfaceOrientationPortrait;
				INFOPLIST_KEY_UISupportedInterfaceOrientations_iPad = "UIInterfaceOrientationLandscapeLeft UIInterfaceOrientationLandscapeRight UIInterfaceOrientationPortrait UIInterfaceOrientationPortraitUpsideDown";
				INFOPLIST_KEY_UIUserInterfaceStyle = Light;
				IPHONEOS_DEPLOYMENT_TARGET = 15.0;
				LD_RUNPATH_SEARCH_PATHS = (
					"$(inherited)",
					"@executable_path/Frameworks",
				);
				MARKETING_VERSION = 1.0.1;
				PRODUCT_BUNDLE_IDENTIFIER = com.popularSearch.browsers.fast;
				PRODUCT_NAME = "$(TARGET_NAME)";
				PROVISIONING_PROFILE_SPECIFIER = "";
				SUPPORTED_PLATFORMS = "iphoneos iphonesimulator";
				SUPPORTS_MACCATALYST = NO;
				SUPPORTS_MAC_DESIGNED_FOR_IPHONE_IPAD = YES;
				SWIFT_EMIT_LOC_STRINGS = YES;
				SWIFT_VERSION = 5.0;
				TARGETED_DEVICE_FAMILY = 1;
			};
			name = Debug;
		};
		C7EE4A102A31B6F2006B6139 /* Release */ = {
			isa = XCBuildConfiguration;
			buildSettings = {
				ASSETCATALOG_COMPILER_APPICON_NAME = AppIcon;
				ASSETCATALOG_COMPILER_GLOBAL_ACCENT_COLOR_NAME = AccentColor;
				CODE_SIGN_IDENTITY = "Apple Development";
				CODE_SIGN_STYLE = Manual;
				CURRENT_PROJECT_VERSION = 20230706;
				DEVELOPMENT_ASSET_PATHS = "\"PopularBrowser/Preview Content\"";
				DEVELOPMENT_TEAM = "";
				ENABLE_PREVIEWS = YES;
				GENERATE_INFOPLIST_FILE = YES;
				INFOPLIST_FILE = PopularBrowser/Info.plist;
				INFOPLIST_KEY_NSUserTrackingUsageDescription = "Please allow access to your activity tracking to provide personalized push services and reduce interference caused by irrelevant services.";
				INFOPLIST_KEY_UIApplicationSceneManifest_Generation = YES;
				INFOPLIST_KEY_UIApplicationSupportsIndirectInputEvents = YES;
				INFOPLIST_KEY_UILaunchScreen_Generation = YES;
				INFOPLIST_KEY_UILaunchStoryboardName = "Launch Screen.storyboard";
				INFOPLIST_KEY_UISupportedInterfaceOrientations = UIInterfaceOrientationPortrait;
				INFOPLIST_KEY_UISupportedInterfaceOrientations_iPad = "UIInterfaceOrientationLandscapeLeft UIInterfaceOrientationLandscapeRight UIInterfaceOrientationPortrait UIInterfaceOrientationPortraitUpsideDown";
				INFOPLIST_KEY_UIUserInterfaceStyle = Light;
				IPHONEOS_DEPLOYMENT_TARGET = 15.0;
				LD_RUNPATH_SEARCH_PATHS = (
					"$(inherited)",
					"@executable_path/Frameworks",
				);
				MARKETING_VERSION = 1.0.1;
				PRODUCT_BUNDLE_IDENTIFIER = com.popularSearch.browsers.fast;
				PRODUCT_NAME = "$(TARGET_NAME)";
				PROVISIONING_PROFILE_SPECIFIER = "";
				SUPPORTED_PLATFORMS = "iphoneos iphonesimulator";
				SUPPORTS_MACCATALYST = NO;
				SUPPORTS_MAC_DESIGNED_FOR_IPHONE_IPAD = YES;
				SWIFT_EMIT_LOC_STRINGS = YES;
				SWIFT_VERSION = 5.0;
				TARGETED_DEVICE_FAMILY = 1;
			};
			name = Release;
		};
/* End XCBuildConfiguration section */

/* Begin XCConfigurationList section */
		C7EE49FB2A31B6F1006B6139 /* Build configuration list for PBXProject "PopularBrowser" */ = {
			isa = XCConfigurationList;
			buildConfigurations = (
				C7EE4A0C2A31B6F2006B6139 /* Debug */,
				C7EE4A0D2A31B6F2006B6139 /* Release */,
			);
			defaultConfigurationIsVisible = 0;
			defaultConfigurationName = Release;
		};
		C7EE4A0E2A31B6F2006B6139 /* Build configuration list for PBXNativeTarget "PopularBrowser" */ = {
			isa = XCConfigurationList;
			buildConfigurations = (
				C7EE4A0F2A31B6F2006B6139 /* Debug */,
				C7EE4A102A31B6F2006B6139 /* Release */,
			);
			defaultConfigurationIsVisible = 0;
			defaultConfigurationName = Release;
		};
/* End XCConfigurationList section */

/* Begin XCRemoteSwiftPackageReference section */
		C703CA512A398E1500D95613 /* XCRemoteSwiftPackageReference "GoogleMobileAds" */ = {
			isa = XCRemoteSwiftPackageReference;
			repositoryURL = "https://github.com/quanghits/GoogleMobileAds";
			requirement = {
				branch = main;
				kind = branch;
			};
		};
		C70E8EDB2A33322D0029C91C /* XCRemoteSwiftPackageReference "IQKeyboardManager" */ = {
			isa = XCRemoteSwiftPackageReference;
			repositoryURL = "https://github.com/hackiftekhar/IQKeyboardManager.git";
			requirement = {
				branch = master;
				kind = branch;
			};
		};
		C70E8EDE2A3332960029C91C /* XCRemoteSwiftPackageReference "firebase-ios-sdk" */ = {
			isa = XCRemoteSwiftPackageReference;
			repositoryURL = "https://github.com/firebase/firebase-ios-sdk";
			requirement = {
				kind = upToNextMajorVersion;
				minimumVersion = 9.0.0;
			};
		};
		C70E8EE52A3332CA0029C91C /* XCRemoteSwiftPackageReference "facebook-ios-sdk" */ = {
			isa = XCRemoteSwiftPackageReference;
			repositoryURL = "https://github.com/facebook/facebook-ios-sdk";
			requirement = {
				branch = main;
				kind = branch;
			};
		};
		C77684E82A31F563004554E1 /* XCRemoteSwiftPackageReference "SheetKit" */ = {
			isa = XCRemoteSwiftPackageReference;
			repositoryURL = "https://github.com/fatbobman/SheetKit";
			requirement = {
				branch = main;
				kind = branch;
			};
		};
/* End XCRemoteSwiftPackageReference section */

/* Begin XCSwiftPackageProductDependency section */
		C703CA522A398E1500D95613 /* GoogleMobileAds */ = {
			isa = XCSwiftPackageProductDependency;
			package = C703CA512A398E1500D95613 /* XCRemoteSwiftPackageReference "GoogleMobileAds" */;
			productName = GoogleMobileAds;
		};
		C70E8EDC2A33322D0029C91C /* IQKeyboardManagerSwift */ = {
			isa = XCSwiftPackageProductDependency;
			package = C70E8EDB2A33322D0029C91C /* XCRemoteSwiftPackageReference "IQKeyboardManager" */;
			productName = IQKeyboardManagerSwift;
		};
		C70E8EDF2A3332970029C91C /* FirebaseAnalytics */ = {
			isa = XCSwiftPackageProductDependency;
			package = C70E8EDE2A3332960029C91C /* XCRemoteSwiftPackageReference "firebase-ios-sdk" */;
			productName = FirebaseAnalytics;
		};
		C70E8EE12A3332970029C91C /* FirebaseCrashlytics */ = {
			isa = XCSwiftPackageProductDependency;
			package = C70E8EDE2A3332960029C91C /* XCRemoteSwiftPackageReference "firebase-ios-sdk" */;
			productName = FirebaseCrashlytics;
		};
		C70E8EE32A3332970029C91C /* FirebaseRemoteConfig */ = {
			isa = XCSwiftPackageProductDependency;
			package = C70E8EDE2A3332960029C91C /* XCRemoteSwiftPackageReference "firebase-ios-sdk" */;
			productName = FirebaseRemoteConfig;
		};
		C70E8EE62A3332CA0029C91C /* FacebookAEM */ = {
			isa = XCSwiftPackageProductDependency;
			package = C70E8EE52A3332CA0029C91C /* XCRemoteSwiftPackageReference "facebook-ios-sdk" */;
			productName = FacebookAEM;
		};
		C70E8EE82A3332CA0029C91C /* FacebookBasics */ = {
			isa = XCSwiftPackageProductDependency;
			package = C70E8EE52A3332CA0029C91C /* XCRemoteSwiftPackageReference "facebook-ios-sdk" */;
			productName = FacebookBasics;
		};
		C70E8EEA2A3332CA0029C91C /* FacebookCore */ = {
			isa = XCSwiftPackageProductDependency;
			package = C70E8EE52A3332CA0029C91C /* XCRemoteSwiftPackageReference "facebook-ios-sdk" */;
			productName = FacebookCore;
		};
		C77684E92A31F563004554E1 /* SheetKit */ = {
			isa = XCSwiftPackageProductDependency;
			package = C77684E82A31F563004554E1 /* XCRemoteSwiftPackageReference "SheetKit" */;
			productName = SheetKit;
		};
/* End XCSwiftPackageProductDependency section */
	};
	rootObject = C7EE49F82A31B6F1006B6139 /* Project object */;
}
